{
  "version": 4,
  "terraform_version": "0.12.20",
  "serial": 157,
  "lineage": "37fd614b-5917-db3d-836f-1985a2e98f6c",
  "outputs": {},
  "resources": [
    {
      "module": "module.masters",
      "mode": "data",
      "type": "aws_ebs_default_kms_key",
      "name": "current",
      "provider": "provider.aws",
      "instances": [
        {
          "schema_version": 0,
          "attributes": {
            "id": "2021-04-15 23:03:00.184791 +0000 UTC",
            "key_arn": "alias/aws/ebs"
          }
        }
      ]
    },
    {
      "module": "module.masters",
      "mode": "data",
      "type": "aws_partition",
      "name": "current",
      "provider": "provider.aws",
      "instances": [
        {
          "schema_version": 0,
          "attributes": {
            "dns_suffix": "amazonaws.com",
            "id": "2021-04-15 23:02:59.786737 +0000 UTC",
            "partition": "aws"
          }
        }
      ]
    },
    {
      "module": "module.iam",
      "mode": "data",
      "type": "aws_partition",
      "name": "current",
      "provider": "provider.aws",
      "instances": [
        {
          "schema_version": 0,
          "attributes": {
            "dns_suffix": "amazonaws.com",
            "id": "2021-04-15 23:02:59.787696 +0000 UTC",
            "partition": "aws"
          }
        }
      ]
    },
    {
      "module": "module.dns",
      "mode": "data",
      "type": "aws_route53_zone",
      "name": "public",
      "each": "list",
      "provider": "provider.aws",
      "instances": [
        {
          "index_key": 0,
          "schema_version": 0,
          "attributes": {
            "caller_reference": "DE5558EA-11B1-2EBD-A6A1-26CBCAD69447",
            "comment": "ZONE for main webpage",
            "id": "ZU45CR54M0XLJ",
            "linked_service_description": null,
            "linked_service_principal": null,
            "name": "h2o.ai.",
            "name_servers": [
              "ns-1447.awsdns-52.org",
              "ns-142.awsdns-17.com",
              "ns-618.awsdns-13.net",
              "ns-1800.awsdns-33.co.uk"
            ],
            "private_zone": false,
            "resource_record_set_count": 413,
            "tags": {},
            "vpc_id": null,
            "zone_id": "ZU45CR54M0XLJ"
          }
        }
      ]
    },
    {
      "module": "module.vpc",
      "mode": "data",
      "type": "aws_subnet",
      "name": "private",
      "each": "list",
      "provider": "provider.aws",
      "instances": [
        {
          "index_key": 0,
          "schema_version": 0,
          "attributes": {
            "arn": "arn:aws:ec2:us-east-2:524466471676:subnet/subnet-0aa052a684e02e082",
            "assign_ipv6_address_on_creation": false,
            "availability_zone": "us-east-2a",
            "availability_zone_id": "use2-az1",
            "cidr_block": "10.0.128.0/19",
            "default_for_az": false,
            "filter": null,
            "id": "subnet-0aa052a684e02e082",
            "ipv6_cidr_block": null,
            "ipv6_cidr_block_association_id": null,
            "map_public_ip_on_launch": false,
            "outpost_arn": "",
            "owner_id": "524466471676",
            "state": "available",
            "tags": {
              "Name": "support-openshift-rwtsm-private-us-east-2a",
              "kubernetes.io/cluster/support-openshift-rwtsm": "owned",
              "kubernetes.io/role/internal-elb": ""
            },
            "vpc_id": "vpc-08d44401cdbd30452"
          }
        },
        {
          "index_key": 1,
          "schema_version": 0,
          "attributes": {
            "arn": "arn:aws:ec2:us-east-2:524466471676:subnet/subnet-03626e281b28e0a4a",
            "assign_ipv6_address_on_creation": false,
            "availability_zone": "us-east-2b",
            "availability_zone_id": "use2-az2",
            "cidr_block": "10.0.160.0/19",
            "default_for_az": false,
            "filter": null,
            "id": "subnet-03626e281b28e0a4a",
            "ipv6_cidr_block": null,
            "ipv6_cidr_block_association_id": null,
            "map_public_ip_on_launch": false,
            "outpost_arn": "",
            "owner_id": "524466471676",
            "state": "available",
            "tags": {
              "Name": "support-openshift-rwtsm-private-us-east-2b",
              "kubernetes.io/cluster/support-openshift-rwtsm": "owned",
              "kubernetes.io/role/internal-elb": ""
            },
            "vpc_id": "vpc-08d44401cdbd30452"
          }
        },
        {
          "index_key": 2,
          "schema_version": 0,
          "attributes": {
            "arn": "arn:aws:ec2:us-east-2:524466471676:subnet/subnet-06dc4b82c7083aebf",
            "assign_ipv6_address_on_creation": false,
            "availability_zone": "us-east-2c",
            "availability_zone_id": "use2-az3",
            "cidr_block": "10.0.192.0/19",
            "default_for_az": false,
            "filter": null,
            "id": "subnet-06dc4b82c7083aebf",
            "ipv6_cidr_block": null,
            "ipv6_cidr_block_association_id": null,
            "map_public_ip_on_launch": false,
            "outpost_arn": "",
            "owner_id": "524466471676",
            "state": "available",
            "tags": {
              "Name": "support-openshift-rwtsm-private-us-east-2c",
              "kubernetes.io/cluster/support-openshift-rwtsm": "owned",
              "kubernetes.io/role/internal-elb": ""
            },
            "vpc_id": "vpc-08d44401cdbd30452"
          }
        }
      ]
    },
    {
      "module": "module.vpc",
      "mode": "data",
      "type": "aws_subnet",
      "name": "public",
      "each": "list",
      "provider": "provider.aws",
      "instances": [
        {
          "index_key": 0,
          "schema_version": 0,
          "attributes": {
            "arn": "arn:aws:ec2:us-east-2:524466471676:subnet/subnet-0a6456309a706fd76",
            "assign_ipv6_address_on_creation": false,
            "availability_zone": "us-east-2a",
            "availability_zone_id": "use2-az1",
            "cidr_block": "10.0.0.0/19",
            "default_for_az": false,
            "filter": null,
            "id": "subnet-0a6456309a706fd76",
            "ipv6_cidr_block": null,
            "ipv6_cidr_block_association_id": null,
            "map_public_ip_on_launch": false,
            "outpost_arn": "",
            "owner_id": "524466471676",
            "state": "available",
            "tags": {
              "Name": "support-openshift-rwtsm-public-us-east-2a",
              "kubernetes.io/cluster/support-openshift-rwtsm": "owned"
            },
            "vpc_id": "vpc-08d44401cdbd30452"
          }
        },
        {
          "index_key": 1,
          "schema_version": 0,
          "attributes": {
            "arn": "arn:aws:ec2:us-east-2:524466471676:subnet/subnet-09ec65626949ff785",
            "assign_ipv6_address_on_creation": false,
            "availability_zone": "us-east-2b",
            "availability_zone_id": "use2-az2",
            "cidr_block": "10.0.32.0/19",
            "default_for_az": false,
            "filter": null,
            "id": "subnet-09ec65626949ff785",
            "ipv6_cidr_block": null,
            "ipv6_cidr_block_association_id": null,
            "map_public_ip_on_launch": false,
            "outpost_arn": "",
            "owner_id": "524466471676",
            "state": "available",
            "tags": {
              "Name": "support-openshift-rwtsm-public-us-east-2b",
              "kubernetes.io/cluster/support-openshift-rwtsm": "owned"
            },
            "vpc_id": "vpc-08d44401cdbd30452"
          }
        },
        {
          "index_key": 2,
          "schema_version": 0,
          "attributes": {
            "arn": "arn:aws:ec2:us-east-2:524466471676:subnet/subnet-0fecbec37daabbd0a",
            "assign_ipv6_address_on_creation": false,
            "availability_zone": "us-east-2c",
            "availability_zone_id": "use2-az3",
            "cidr_block": "10.0.64.0/19",
            "default_for_az": false,
            "filter": null,
            "id": "subnet-0fecbec37daabbd0a",
            "ipv6_cidr_block": null,
            "ipv6_cidr_block_association_id": null,
            "map_public_ip_on_launch": false,
            "outpost_arn": "",
            "owner_id": "524466471676",
            "state": "available",
            "tags": {
              "Name": "support-openshift-rwtsm-public-us-east-2c",
              "kubernetes.io/cluster/support-openshift-rwtsm": "owned"
            },
            "vpc_id": "vpc-08d44401cdbd30452"
          }
        }
      ]
    },
    {
      "module": "module.vpc",
      "mode": "data",
      "type": "aws_vpc",
      "name": "cluster_vpc",
      "provider": "provider.aws",
      "instances": [
        {
          "schema_version": 0,
          "attributes": {
            "arn": "arn:aws:ec2:us-east-2:524466471676:vpc/vpc-08d44401cdbd30452",
            "cidr_block": "10.0.0.0/16",
            "cidr_block_associations": [
              {
                "association_id": "vpc-cidr-assoc-09dc48715350b9dd2",
                "cidr_block": "10.0.0.0/16",
                "state": "associated"
              }
            ],
            "default": false,
            "dhcp_options_id": "dopt-00ead11a61f3d067f",
            "enable_dns_hostnames": true,
            "enable_dns_support": true,
            "filter": null,
            "id": "vpc-08d44401cdbd30452",
            "instance_tenancy": "default",
            "ipv6_association_id": null,
            "ipv6_cidr_block": null,
            "main_route_table_id": "rtb-09a30cd66e4839373",
            "owner_id": "524466471676",
            "state": "available",
            "tags": {
              "Name": "support-openshift-rwtsm-vpc",
              "kubernetes.io/cluster/support-openshift-rwtsm": "owned"
            }
          }
        }
      ]
    },
    {
      "module": "module.vpc",
      "mode": "managed",
      "type": "aws_eip",
      "name": "nat_eip",
      "each": "list",
      "provider": "provider.aws",
      "instances": [
        {
          "index_key": 0,
          "schema_version": 0,
          "attributes": {
            "allocation_id": null,
            "associate_with_private_ip": null,
            "association_id": "",
            "customer_owned_ip": "",
            "customer_owned_ipv4_pool": "",
            "domain": "vpc",
            "id": "eipalloc-001c6bb3ca66c5cde",
            "instance": "",
            "network_interface": "",
            "private_dns": null,
            "private_ip": "",
            "public_dns": "ec2-13-59-33-20.us-east-2.compute.amazonaws.com",
            "public_ip": "13.59.33.20",
            "public_ipv4_pool": "amazon",
            "tags": {
              "Name": "support-openshift-rwtsm-eip-us-east-2a",
              "kubernetes.io/cluster/support-openshift-rwtsm": "owned"
            },
            "timeouts": null,
            "vpc": true
          },
          "private": "eyJlMmJmYjczMC1lY2FhLTExZTYtOGY4OC0zNDM2M2JjN2M0YzAiOnsiZGVsZXRlIjoxODAwMDAwMDAwMDAsInJlYWQiOjkwMDAwMDAwMDAwMCwidXBkYXRlIjozMDAwMDAwMDAwMDB9fQ==",
          "dependencies": [
            "module.vpc.aws_internet_gateway.igw",
            "module.vpc.aws_vpc.new_vpc"
          ]
        },
        {
          "index_key": 1,
          "schema_version": 0,
          "attributes": {
            "allocation_id": null,
            "associate_with_private_ip": null,
            "association_id": "",
            "customer_owned_ip": "",
            "customer_owned_ipv4_pool": "",
            "domain": "vpc",
            "id": "eipalloc-00eb9027520fda0e0",
            "instance": "",
            "network_interface": "",
            "private_dns": null,
            "private_ip": "",
            "public_dns": "ec2-3-16-134-194.us-east-2.compute.amazonaws.com",
            "public_ip": "3.16.134.194",
            "public_ipv4_pool": "amazon",
            "tags": {
              "Name": "support-openshift-rwtsm-eip-us-east-2b",
              "kubernetes.io/cluster/support-openshift-rwtsm": "owned"
            },
            "timeouts": null,
            "vpc": true
          },
          "private": "eyJlMmJmYjczMC1lY2FhLTExZTYtOGY4OC0zNDM2M2JjN2M0YzAiOnsiZGVsZXRlIjoxODAwMDAwMDAwMDAsInJlYWQiOjkwMDAwMDAwMDAwMCwidXBkYXRlIjozMDAwMDAwMDAwMDB9fQ==",
          "dependencies": [
            "module.vpc.aws_internet_gateway.igw",
            "module.vpc.aws_vpc.new_vpc"
          ]
        },
        {
          "index_key": 2,
          "schema_version": 0,
          "attributes": {
            "allocation_id": null,
            "associate_with_private_ip": null,
            "association_id": "",
            "customer_owned_ip": "",
            "customer_owned_ipv4_pool": "",
            "domain": "vpc",
            "id": "eipalloc-0acdb1a11e4806e50",
            "instance": "",
            "network_interface": "",
            "private_dns": null,
            "private_ip": "",
            "public_dns": "ec2-3-132-29-212.us-east-2.compute.amazonaws.com",
            "public_ip": "3.132.29.212",
            "public_ipv4_pool": "amazon",
            "tags": {
              "Name": "support-openshift-rwtsm-eip-us-east-2c",
              "kubernetes.io/cluster/support-openshift-rwtsm": "owned"
            },
            "timeouts": null,
            "vpc": true
          },
          "private": "eyJlMmJmYjczMC1lY2FhLTExZTYtOGY4OC0zNDM2M2JjN2M0YzAiOnsiZGVsZXRlIjoxODAwMDAwMDAwMDAsInJlYWQiOjkwMDAwMDAwMDAwMCwidXBkYXRlIjozMDAwMDAwMDAwMDB9fQ==",
          "dependencies": [
            "module.vpc.aws_internet_gateway.igw",
            "module.vpc.aws_vpc.new_vpc"
          ]
        }
      ]
    },
    {
      "module": "module.masters",
      "mode": "managed",
      "type": "aws_iam_instance_profile",
      "name": "master",
      "provider": "provider.aws",
      "instances": [
        {
          "schema_version": 0,
          "attributes": {
            "arn": "arn:aws:iam::524466471676:instance-profile/support-openshift-rwtsm-master-profile",
            "create_date": "2021-04-15T23:03:07Z",
            "id": "support-openshift-rwtsm-master-profile",
            "name": "support-openshift-rwtsm-master-profile",
            "name_prefix": null,
            "path": "/",
            "role": "support-openshift-rwtsm-master-role",
            "roles": [],
            "unique_id": "AIPAXUHFDIL6PJ5A622ZQ"
          },
          "private": "bnVsbA==",
          "dependencies": [
            "module.masters.aws_iam_role.master_role"
          ]
        }
      ]
    },
    {
      "module": "module.iam",
      "mode": "managed",
      "type": "aws_iam_instance_profile",
      "name": "worker",
      "provider": "provider.aws",
      "instances": [
        {
          "schema_version": 0,
          "attributes": {
            "arn": "arn:aws:iam::524466471676:instance-profile/support-openshift-rwtsm-worker-profile",
            "create_date": "2021-04-15T23:03:08Z",
            "id": "support-openshift-rwtsm-worker-profile",
            "name": "support-openshift-rwtsm-worker-profile",
            "name_prefix": null,
            "path": "/",
            "role": "support-openshift-rwtsm-worker-role",
            "roles": [],
            "unique_id": "AIPAXUHFDIL6NUXQ4IT5W"
          },
          "private": "bnVsbA==",
          "dependencies": [
            "module.iam.aws_iam_role.worker_role"
          ]
        }
      ]
    },
    {
      "module": "module.masters",
      "mode": "managed",
      "type": "aws_iam_role",
      "name": "master_role",
      "provider": "provider.aws",
      "instances": [
        {
          "schema_version": 0,
          "attributes": {
            "arn": "arn:aws:iam::524466471676:role/support-openshift-rwtsm-master-role",
            "assume_role_policy": "{\"Version\":\"2012-10-17\",\"Statement\":[{\"Sid\":\"\",\"Effect\":\"Allow\",\"Principal\":{\"Service\":\"ec2.amazonaws.com\"},\"Action\":\"sts:AssumeRole\"}]}",
            "create_date": "2021-04-15T23:03:07Z",
            "description": "",
            "force_detach_policies": false,
            "id": "support-openshift-rwtsm-master-role",
            "max_session_duration": 3600,
            "name": "support-openshift-rwtsm-master-role",
            "name_prefix": null,
            "path": "/",
            "permissions_boundary": null,
            "tags": {
              "Name": "support-openshift-rwtsm-master-role",
              "kubernetes.io/cluster/support-openshift-rwtsm": "owned"
            },
            "unique_id": "AROAXUHFDIL6EAYWDKCTR"
          },
          "private": "bnVsbA=="
        }
      ]
    },
    {
      "module": "module.iam",
      "mode": "managed",
      "type": "aws_iam_role",
      "name": "worker_role",
      "provider": "provider.aws",
      "instances": [
        {
          "schema_version": 0,
          "attributes": {
            "arn": "arn:aws:iam::524466471676:role/support-openshift-rwtsm-worker-role",
            "assume_role_policy": "{\"Version\":\"2012-10-17\",\"Statement\":[{\"Sid\":\"\",\"Effect\":\"Allow\",\"Principal\":{\"Service\":\"ec2.amazonaws.com\"},\"Action\":\"sts:AssumeRole\"}]}",
            "create_date": "2021-04-15T23:03:07Z",
            "description": "",
            "force_detach_policies": false,
            "id": "support-openshift-rwtsm-worker-role",
            "max_session_duration": 3600,
            "name": "support-openshift-rwtsm-worker-role",
            "name_prefix": null,
            "path": "/",
            "permissions_boundary": null,
            "tags": {
              "Name": "support-openshift-rwtsm-worker-role",
              "kubernetes.io/cluster/support-openshift-rwtsm": "owned"
            },
            "unique_id": "AROAXUHFDIL6J6VU42RHE"
          },
          "private": "bnVsbA=="
        }
      ]
    },
    {
      "module": "module.masters",
      "mode": "managed",
      "type": "aws_iam_role_policy",
      "name": "master_policy",
      "provider": "provider.aws",
      "instances": [
        {
          "schema_version": 0,
          "attributes": {
            "id": "support-openshift-rwtsm-master-role:support-openshift-rwtsm-master-policy",
            "name": "support-openshift-rwtsm-master-policy",
            "name_prefix": null,
            "policy": "{\n  \"Version\": \"2012-10-17\",\n  \"Statement\": [\n    {\n      \"Action\": [\n        \"ec2:AttachVolume\",\n        \"ec2:AuthorizeSecurityGroupIngress\",\n        \"ec2:CreateSecurityGroup\",\n        \"ec2:CreateTags\",\n        \"ec2:CreateVolume\",\n        \"ec2:DeleteSecurityGroup\",\n        \"ec2:DeleteVolume\",\n        \"ec2:Describe*\",\n        \"ec2:DetachVolume\",\n        \"ec2:ModifyInstanceAttribute\",\n        \"ec2:ModifyVolume\",\n        \"ec2:RevokeSecurityGroupIngress\",\n        \"elasticloadbalancing:AddTags\",\n        \"elasticloadbalancing:AttachLoadBalancerToSubnets\",\n        \"elasticloadbalancing:ApplySecurityGroupsToLoadBalancer\",\n        \"elasticloadbalancing:CreateListener\",\n        \"elasticloadbalancing:CreateLoadBalancer\",\n        \"elasticloadbalancing:CreateLoadBalancerPolicy\",\n        \"elasticloadbalancing:CreateLoadBalancerListeners\",\n        \"elasticloadbalancing:CreateTargetGroup\",\n        \"elasticloadbalancing:ConfigureHealthCheck\",\n        \"elasticloadbalancing:DeleteListener\",\n        \"elasticloadbalancing:DeleteLoadBalancer\",\n        \"elasticloadbalancing:DeleteLoadBalancerListeners\",\n        \"elasticloadbalancing:DeleteTargetGroup\",\n        \"elasticloadbalancing:DeregisterInstancesFromLoadBalancer\",\n        \"elasticloadbalancing:DeregisterTargets\",\n        \"elasticloadbalancing:Describe*\",\n        \"elasticloadbalancing:DetachLoadBalancerFromSubnets\",\n        \"elasticloadbalancing:ModifyListener\",\n        \"elasticloadbalancing:ModifyLoadBalancerAttributes\",\n        \"elasticloadbalancing:ModifyTargetGroup\",\n        \"elasticloadbalancing:ModifyTargetGroupAttributes\",\n        \"elasticloadbalancing:RegisterInstancesWithLoadBalancer\",\n        \"elasticloadbalancing:RegisterTargets\",\n        \"elasticloadbalancing:SetLoadBalancerPoliciesForBackendServer\",\n        \"elasticloadbalancing:SetLoadBalancerPoliciesOfListener\",\n        \"kms:DescribeKey\"\n      ],\n      \"Resource\": \"*\",\n      \"Effect\": \"Allow\"\n    }\n  ]\n}\n",
            "role": "support-openshift-rwtsm-master-role"
          },
          "private": "bnVsbA==",
          "dependencies": [
            "module.masters.aws_iam_role.master_role"
          ]
        }
      ]
    },
    {
      "module": "module.iam",
      "mode": "managed",
      "type": "aws_iam_role_policy",
      "name": "worker_policy",
      "provider": "provider.aws",
      "instances": [
        {
          "schema_version": 0,
          "attributes": {
            "id": "support-openshift-rwtsm-worker-role:support-openshift-rwtsm-worker-policy",
            "name": "support-openshift-rwtsm-worker-policy",
            "name_prefix": null,
            "policy": "{\n  \"Version\": \"2012-10-17\",\n  \"Statement\": [\n    {\n      \"Effect\": \"Allow\",\n      \"Action\": [\n        \"ec2:DescribeInstances\",\n        \"ec2:DescribeRegions\"\n      ],\n      \"Resource\": \"*\"\n    }\n  ]\n}\n",
            "role": "support-openshift-rwtsm-worker-role"
          },
          "private": "bnVsbA==",
          "dependencies": [
            "module.iam.aws_iam_role.worker_role"
          ]
        }
      ]
    },
    {
      "module": "module.masters",
      "mode": "managed",
      "type": "aws_instance",
      "name": "master",
      "each": "list",
      "provider": "provider.aws",
      "instances": [
        {
          "index_key": 0,
          "schema_version": 1,
          "attributes": {
            "ami": "ami-0c84b5c5255ec4777",
            "arn": "arn:aws:ec2:us-east-2:524466471676:instance/i-0248d25f5cfb29964",
            "associate_public_ip_address": false,
            "availability_zone": "us-east-2a",
            "cpu_core_count": 2,
            "cpu_threads_per_core": 2,
            "credit_specification": [],
            "disable_api_termination": false,
            "ebs_block_device": [],
            "ebs_optimized": false,
            "ephemeral_block_device": [],
            "get_password_data": false,
            "hibernation": false,
            "host_id": null,
            "iam_instance_profile": "support-openshift-rwtsm-master-profile",
            "id": "i-0248d25f5cfb29964",
            "instance_initiated_shutdown_behavior": null,
            "instance_state": "running",
            "instance_type": "m5.xlarge",
            "ipv6_address_count": 0,
            "ipv6_addresses": [],
            "key_name": "",
            "metadata_options": [
              {
                "http_endpoint": "enabled",
                "http_put_response_hop_limit": 1,
                "http_tokens": "optional"
              }
            ],
            "monitoring": false,
            "network_interface": [
              {
                "delete_on_termination": false,
                "device_index": 0,
                "network_interface_id": "eni-0fa5b14df27a18936"
              }
            ],
            "network_interface_id": null,
            "outpost_arn": "",
            "password_data": "",
            "placement_group": "",
            "primary_network_interface_id": "eni-0fa5b14df27a18936",
            "private_dns": "ip-10-0-132-233.us-east-2.compute.internal",
            "private_ip": "10.0.132.233",
            "public_dns": "",
            "public_ip": "",
            "root_block_device": [
              {
                "delete_on_termination": true,
                "device_name": "/dev/xvda",
                "encrypted": true,
                "iops": 360,
                "kms_key_id": "arn:aws:kms:us-east-2:524466471676:key/10f08de4-2bae-418b-b97d-98b4e4406d61",
                "volume_id": "vol-02e0262736f60736a",
                "volume_size": 120,
                "volume_type": "gp2"
              }
            ],
            "security_groups": [],
            "source_dest_check": true,
            "subnet_id": "subnet-0aa052a684e02e082",
            "tags": {
              "Name": "support-openshift-rwtsm-master-0",
              "kubernetes.io/cluster/support-openshift-rwtsm": "owned"
            },
            "tenancy": "default",
            "timeouts": null,
            "user_data": "a05252070913977163126d18b9dd4d77aa4350cd",
            "user_data_base64": null,
            "volume_tags": {
              "Name": "support-openshift-rwtsm-master-0-vol",
              "kubernetes.io/cluster/support-openshift-rwtsm": "owned"
            },
            "vpc_security_group_ids": [
              "sg-07640434bc2e7af2b"
            ]
          },
          "private": "eyJlMmJmYjczMC1lY2FhLTExZTYtOGY4OC0zNDM2M2JjN2M0YzAiOnsiY3JlYXRlIjo2MDAwMDAwMDAwMDAsImRlbGV0ZSI6MTIwMDAwMDAwMDAwMCwidXBkYXRlIjo2MDAwMDAwMDAwMDB9LCJzY2hlbWFfdmVyc2lvbiI6IjEifQ==",
          "dependencies": [
            "aws_ami_copy.imported",
            "module.masters.aws_iam_instance_profile.master",
            "module.masters.aws_iam_role.master_role",
            "module.masters.aws_network_interface.master",
            "module.vpc.aws_security_group.master",
            "module.vpc.aws_subnet.private_subnet",
            "module.vpc.aws_vpc.new_vpc"
          ]
        },
        {
          "index_key": 1,
          "schema_version": 1,
          "attributes": {
            "ami": "ami-0c84b5c5255ec4777",
            "arn": "arn:aws:ec2:us-east-2:524466471676:instance/i-0f71521b68a8df8eb",
            "associate_public_ip_address": false,
            "availability_zone": "us-east-2b",
            "cpu_core_count": 2,
            "cpu_threads_per_core": 2,
            "credit_specification": [],
            "disable_api_termination": false,
            "ebs_block_device": [],
            "ebs_optimized": false,
            "ephemeral_block_device": [],
            "get_password_data": false,
            "hibernation": false,
            "host_id": null,
            "iam_instance_profile": "support-openshift-rwtsm-master-profile",
            "id": "i-0f71521b68a8df8eb",
            "instance_initiated_shutdown_behavior": null,
            "instance_state": "running",
            "instance_type": "m5.xlarge",
            "ipv6_address_count": 0,
            "ipv6_addresses": [],
            "key_name": "",
            "metadata_options": [
              {
                "http_endpoint": "enabled",
                "http_put_response_hop_limit": 1,
                "http_tokens": "optional"
              }
            ],
            "monitoring": false,
            "network_interface": [
              {
                "delete_on_termination": false,
                "device_index": 0,
                "network_interface_id": "eni-0428954ba1af3f754"
              }
            ],
            "network_interface_id": null,
            "outpost_arn": "",
            "password_data": "",
            "placement_group": "",
            "primary_network_interface_id": "eni-0428954ba1af3f754",
            "private_dns": "ip-10-0-171-220.us-east-2.compute.internal",
            "private_ip": "10.0.171.220",
            "public_dns": "",
            "public_ip": "",
            "root_block_device": [
              {
                "delete_on_termination": true,
                "device_name": "/dev/xvda",
                "encrypted": true,
                "iops": 360,
                "kms_key_id": "arn:aws:kms:us-east-2:524466471676:key/10f08de4-2bae-418b-b97d-98b4e4406d61",
                "volume_id": "vol-0c9abf29f7c87721c",
                "volume_size": 120,
                "volume_type": "gp2"
              }
            ],
            "security_groups": [],
            "source_dest_check": true,
            "subnet_id": "subnet-03626e281b28e0a4a",
            "tags": {
              "Name": "support-openshift-rwtsm-master-1",
              "kubernetes.io/cluster/support-openshift-rwtsm": "owned"
            },
            "tenancy": "default",
            "timeouts": null,
            "user_data": "a05252070913977163126d18b9dd4d77aa4350cd",
            "user_data_base64": null,
            "volume_tags": {
              "Name": "support-openshift-rwtsm-master-1-vol",
              "kubernetes.io/cluster/support-openshift-rwtsm": "owned"
            },
            "vpc_security_group_ids": [
              "sg-07640434bc2e7af2b"
            ]
          },
          "private": "eyJlMmJmYjczMC1lY2FhLTExZTYtOGY4OC0zNDM2M2JjN2M0YzAiOnsiY3JlYXRlIjo2MDAwMDAwMDAwMDAsImRlbGV0ZSI6MTIwMDAwMDAwMDAwMCwidXBkYXRlIjo2MDAwMDAwMDAwMDB9LCJzY2hlbWFfdmVyc2lvbiI6IjEifQ==",
          "dependencies": [
            "aws_ami_copy.imported",
            "module.masters.aws_iam_instance_profile.master",
            "module.masters.aws_iam_role.master_role",
            "module.masters.aws_network_interface.master",
            "module.vpc.aws_security_group.master",
            "module.vpc.aws_subnet.private_subnet",
            "module.vpc.aws_vpc.new_vpc"
          ]
        },
        {
          "index_key": 2,
          "schema_version": 1,
          "attributes": {
            "ami": "ami-0c84b5c5255ec4777",
            "arn": "arn:aws:ec2:us-east-2:524466471676:instance/i-052518e66485dd88f",
            "associate_public_ip_address": false,
            "availability_zone": "us-east-2c",
            "cpu_core_count": 2,
            "cpu_threads_per_core": 2,
            "credit_specification": [],
            "disable_api_termination": false,
            "ebs_block_device": [],
            "ebs_optimized": false,
            "ephemeral_block_device": [],
            "get_password_data": false,
            "hibernation": false,
            "host_id": null,
            "iam_instance_profile": "support-openshift-rwtsm-master-profile",
            "id": "i-052518e66485dd88f",
            "instance_initiated_shutdown_behavior": null,
            "instance_state": "running",
            "instance_type": "m5.xlarge",
            "ipv6_address_count": 0,
            "ipv6_addresses": [],
            "key_name": "",
            "metadata_options": [
              {
                "http_endpoint": "enabled",
                "http_put_response_hop_limit": 1,
                "http_tokens": "optional"
              }
            ],
            "monitoring": false,
            "network_interface": [
              {
                "delete_on_termination": false,
                "device_index": 0,
                "network_interface_id": "eni-07ca3f8631f7516b0"
              }
            ],
            "network_interface_id": null,
            "outpost_arn": "",
            "password_data": "",
            "placement_group": "",
            "primary_network_interface_id": "eni-07ca3f8631f7516b0",
            "private_dns": "ip-10-0-213-0.us-east-2.compute.internal",
            "private_ip": "10.0.213.0",
            "public_dns": "",
            "public_ip": "",
            "root_block_device": [
              {
                "delete_on_termination": true,
                "device_name": "/dev/xvda",
                "encrypted": true,
                "iops": 360,
                "kms_key_id": "arn:aws:kms:us-east-2:524466471676:key/10f08de4-2bae-418b-b97d-98b4e4406d61",
                "volume_id": "vol-0e104788d93c5f0d2",
                "volume_size": 120,
                "volume_type": "gp2"
              }
            ],
            "security_groups": [],
            "source_dest_check": true,
            "subnet_id": "subnet-06dc4b82c7083aebf",
            "tags": {
              "Name": "support-openshift-rwtsm-master-2",
              "kubernetes.io/cluster/support-openshift-rwtsm": "owned"
            },
            "tenancy": "default",
            "timeouts": null,
            "user_data": "a05252070913977163126d18b9dd4d77aa4350cd",
            "user_data_base64": null,
            "volume_tags": {
              "Name": "support-openshift-rwtsm-master-2-vol",
              "kubernetes.io/cluster/support-openshift-rwtsm": "owned"
            },
            "vpc_security_group_ids": [
              "sg-07640434bc2e7af2b"
            ]
          },
          "private": "eyJlMmJmYjczMC1lY2FhLTExZTYtOGY4OC0zNDM2M2JjN2M0YzAiOnsiY3JlYXRlIjo2MDAwMDAwMDAwMDAsImRlbGV0ZSI6MTIwMDAwMDAwMDAwMCwidXBkYXRlIjo2MDAwMDAwMDAwMDB9LCJzY2hlbWFfdmVyc2lvbiI6IjEifQ==",
          "dependencies": [
            "aws_ami_copy.imported",
            "module.masters.aws_iam_instance_profile.master",
            "module.masters.aws_iam_role.master_role",
            "module.masters.aws_network_interface.master",
            "module.vpc.aws_security_group.master",
            "module.vpc.aws_subnet.private_subnet",
            "module.vpc.aws_vpc.new_vpc"
          ]
        }
      ]
    },
    {
      "module": "module.vpc",
      "mode": "managed",
      "type": "aws_internet_gateway",
      "name": "igw",
      "each": "list",
      "provider": "provider.aws",
      "instances": [
        {
          "index_key": 0,
          "schema_version": 0,
          "attributes": {
            "arn": "arn:aws:ec2:us-east-2:524466471676:internet-gateway/igw-046c51a7c4184fbd2",
            "id": "igw-046c51a7c4184fbd2",
            "owner_id": "524466471676",
            "tags": {
              "Name": "support-openshift-rwtsm-igw",
              "kubernetes.io/cluster/support-openshift-rwtsm": "owned"
            },
            "vpc_id": "vpc-08d44401cdbd30452"
          },
          "private": "bnVsbA==",
          "dependencies": [
            "module.vpc.aws_vpc.new_vpc"
          ]
        }
      ]
    },
    {
      "module": "module.vpc",
      "mode": "managed",
      "type": "aws_lb",
      "name": "api_external",
      "each": "list",
      "provider": "provider.aws",
      "instances": [
        {
          "index_key": 0,
          "schema_version": 0,
          "attributes": {
            "access_logs": [
              {
                "bucket": "",
                "enabled": false,
                "prefix": ""
              }
            ],
            "arn": "arn:aws:elasticloadbalancing:us-east-2:524466471676:loadbalancer/net/support-openshift-rwtsm-ext/f49b0fb188d3e5b0",
            "arn_suffix": "net/support-openshift-rwtsm-ext/f49b0fb188d3e5b0",
            "dns_name": "support-openshift-rwtsm-ext-f49b0fb188d3e5b0.elb.us-east-2.amazonaws.com",
            "drop_invalid_header_fields": null,
            "enable_cross_zone_load_balancing": true,
            "enable_deletion_protection": false,
            "enable_http2": null,
            "id": "arn:aws:elasticloadbalancing:us-east-2:524466471676:loadbalancer/net/support-openshift-rwtsm-ext/f49b0fb188d3e5b0",
            "idle_timeout": null,
            "internal": false,
            "ip_address_type": "ipv4",
            "load_balancer_type": "network",
            "name": "support-openshift-rwtsm-ext",
            "name_prefix": null,
            "security_groups": [],
            "subnet_mapping": [
              {
                "allocation_id": "",
                "subnet_id": "subnet-09ec65626949ff785"
              },
              {
                "allocation_id": "",
                "subnet_id": "subnet-0a6456309a706fd76"
              },
              {
                "allocation_id": "",
                "subnet_id": "subnet-0fecbec37daabbd0a"
              }
            ],
            "subnets": [
              "subnet-09ec65626949ff785",
              "subnet-0a6456309a706fd76",
              "subnet-0fecbec37daabbd0a"
            ],
            "tags": {
              "Name": "support-openshift-rwtsm-ext",
              "kubernetes.io/cluster/support-openshift-rwtsm": "owned"
            },
            "timeouts": {
              "create": "20m",
              "delete": null,
              "update": null
            },
            "vpc_id": "vpc-08d44401cdbd30452",
            "zone_id": "ZLMOA37VPKANP"
          },
          "private": "eyJlMmJmYjczMC1lY2FhLTExZTYtOGY4OC0zNDM2M2JjN2M0YzAiOnsiY3JlYXRlIjoxMjAwMDAwMDAwMDAwLCJkZWxldGUiOjYwMDAwMDAwMDAwMCwidXBkYXRlIjo2MDAwMDAwMDAwMDB9fQ==",
          "dependencies": [
            "module.vpc.aws_internet_gateway.igw",
            "module.vpc.aws_subnet.public_subnet",
            "module.vpc.aws_vpc.new_vpc"
          ]
        }
      ]
    },
    {
      "module": "module.vpc",
      "mode": "managed",
      "type": "aws_lb",
      "name": "api_internal",
      "provider": "provider.aws",
      "instances": [
        {
          "schema_version": 0,
          "attributes": {
            "access_logs": [
              {
                "bucket": "",
                "enabled": false,
                "prefix": ""
              }
            ],
            "arn": "arn:aws:elasticloadbalancing:us-east-2:524466471676:loadbalancer/net/support-openshift-rwtsm-int/08ee7d9e4bf5cf0a",
            "arn_suffix": "net/support-openshift-rwtsm-int/08ee7d9e4bf5cf0a",
            "dns_name": "support-openshift-rwtsm-int-08ee7d9e4bf5cf0a.elb.us-east-2.amazonaws.com",
            "drop_invalid_header_fields": null,
            "enable_cross_zone_load_balancing": true,
            "enable_deletion_protection": false,
            "enable_http2": null,
            "id": "arn:aws:elasticloadbalancing:us-east-2:524466471676:loadbalancer/net/support-openshift-rwtsm-int/08ee7d9e4bf5cf0a",
            "idle_timeout": null,
            "internal": true,
            "ip_address_type": "ipv4",
            "load_balancer_type": "network",
            "name": "support-openshift-rwtsm-int",
            "name_prefix": null,
            "security_groups": [],
            "subnet_mapping": [
              {
                "allocation_id": "",
                "subnet_id": "subnet-03626e281b28e0a4a"
              },
              {
                "allocation_id": "",
                "subnet_id": "subnet-06dc4b82c7083aebf"
              },
              {
                "allocation_id": "",
                "subnet_id": "subnet-0aa052a684e02e082"
              }
            ],
            "subnets": [
              "subnet-03626e281b28e0a4a",
              "subnet-06dc4b82c7083aebf",
              "subnet-0aa052a684e02e082"
            ],
            "tags": {
              "Name": "support-openshift-rwtsm-int",
              "kubernetes.io/cluster/support-openshift-rwtsm": "owned"
            },
            "timeouts": {
              "create": "20m",
              "delete": null,
              "update": null
            },
            "vpc_id": "vpc-08d44401cdbd30452",
            "zone_id": "ZLMOA37VPKANP"
          },
          "private": "eyJlMmJmYjczMC1lY2FhLTExZTYtOGY4OC0zNDM2M2JjN2M0YzAiOnsiY3JlYXRlIjoxMjAwMDAwMDAwMDAwLCJkZWxldGUiOjYwMDAwMDAwMDAwMCwidXBkYXRlIjo2MDAwMDAwMDAwMDB9fQ==",
          "dependencies": [
            "module.vpc.aws_internet_gateway.igw",
            "module.vpc.aws_subnet.private_subnet",
            "module.vpc.aws_vpc.new_vpc"
          ]
        }
      ]
    },
    {
      "module": "module.vpc",
      "mode": "managed",
      "type": "aws_lb_listener",
      "name": "api_external_api",
      "each": "list",
      "provider": "provider.aws",
      "instances": [
        {
          "index_key": 0,
          "schema_version": 0,
          "attributes": {
            "arn": "arn:aws:elasticloadbalancing:us-east-2:524466471676:listener/net/support-openshift-rwtsm-ext/f49b0fb188d3e5b0/6b58902bb0fcd5e4",
            "certificate_arn": null,
            "default_action": [
              {
                "authenticate_cognito": [],
                "authenticate_oidc": [],
                "fixed_response": [],
                "forward": [],
                "order": 1,
                "redirect": [],
                "target_group_arn": "arn:aws:elasticloadbalancing:us-east-2:524466471676:targetgroup/support-openshift-rwtsm-aext/3d369e6891caac38",
                "type": "forward"
              }
            ],
            "id": "arn:aws:elasticloadbalancing:us-east-2:524466471676:listener/net/support-openshift-rwtsm-ext/f49b0fb188d3e5b0/6b58902bb0fcd5e4",
            "load_balancer_arn": "arn:aws:elasticloadbalancing:us-east-2:524466471676:loadbalancer/net/support-openshift-rwtsm-ext/f49b0fb188d3e5b0",
            "port": 6443,
            "protocol": "TCP",
            "ssl_policy": "",
            "timeouts": null
          },
          "private": "eyJlMmJmYjczMC1lY2FhLTExZTYtOGY4OC0zNDM2M2JjN2M0YzAiOnsicmVhZCI6NjAwMDAwMDAwMDAwfX0=",
          "dependencies": [
            "module.vpc.aws_internet_gateway.igw",
            "module.vpc.aws_lb.api_external",
            "module.vpc.aws_lb_target_group.api_external",
            "module.vpc.aws_subnet.public_subnet",
            "module.vpc.aws_vpc.new_vpc"
          ]
        }
      ]
    },
    {
      "module": "module.vpc",
      "mode": "managed",
      "type": "aws_lb_listener",
      "name": "api_internal_api",
      "provider": "provider.aws",
      "instances": [
        {
          "schema_version": 0,
          "attributes": {
            "arn": "arn:aws:elasticloadbalancing:us-east-2:524466471676:listener/net/support-openshift-rwtsm-int/08ee7d9e4bf5cf0a/8df02d016a136ae0",
            "certificate_arn": null,
            "default_action": [
              {
                "authenticate_cognito": [],
                "authenticate_oidc": [],
                "fixed_response": [],
                "forward": [],
                "order": 1,
                "redirect": [],
                "target_group_arn": "arn:aws:elasticloadbalancing:us-east-2:524466471676:targetgroup/support-openshift-rwtsm-aint/6f60eb33eaf86890",
                "type": "forward"
              }
            ],
            "id": "arn:aws:elasticloadbalancing:us-east-2:524466471676:listener/net/support-openshift-rwtsm-int/08ee7d9e4bf5cf0a/8df02d016a136ae0",
            "load_balancer_arn": "arn:aws:elasticloadbalancing:us-east-2:524466471676:loadbalancer/net/support-openshift-rwtsm-int/08ee7d9e4bf5cf0a",
            "port": 6443,
            "protocol": "TCP",
            "ssl_policy": "",
            "timeouts": null
          },
          "private": "eyJlMmJmYjczMC1lY2FhLTExZTYtOGY4OC0zNDM2M2JjN2M0YzAiOnsicmVhZCI6NjAwMDAwMDAwMDAwfX0=",
          "dependencies": [
            "module.vpc.aws_internet_gateway.igw",
            "module.vpc.aws_lb.api_internal",
            "module.vpc.aws_lb_target_group.api_internal",
            "module.vpc.aws_subnet.private_subnet",
            "module.vpc.aws_vpc.new_vpc"
          ]
        }
      ]
    },
    {
      "module": "module.vpc",
      "mode": "managed",
      "type": "aws_lb_listener",
      "name": "api_internal_services",
      "provider": "provider.aws",
      "instances": [
        {
          "schema_version": 0,
          "attributes": {
            "arn": "arn:aws:elasticloadbalancing:us-east-2:524466471676:listener/net/support-openshift-rwtsm-int/08ee7d9e4bf5cf0a/959cf27c361d3329",
            "certificate_arn": null,
            "default_action": [
              {
                "authenticate_cognito": [],
                "authenticate_oidc": [],
                "fixed_response": [],
                "forward": [],
                "order": 1,
                "redirect": [],
                "target_group_arn": "arn:aws:elasticloadbalancing:us-east-2:524466471676:targetgroup/support-openshift-rwtsm-sint/1971b8dfd74468d5",
                "type": "forward"
              }
            ],
            "id": "arn:aws:elasticloadbalancing:us-east-2:524466471676:listener/net/support-openshift-rwtsm-int/08ee7d9e4bf5cf0a/959cf27c361d3329",
            "load_balancer_arn": "arn:aws:elasticloadbalancing:us-east-2:524466471676:loadbalancer/net/support-openshift-rwtsm-int/08ee7d9e4bf5cf0a",
            "port": 22623,
            "protocol": "TCP",
            "ssl_policy": "",
            "timeouts": null
          },
          "private": "eyJlMmJmYjczMC1lY2FhLTExZTYtOGY4OC0zNDM2M2JjN2M0YzAiOnsicmVhZCI6NjAwMDAwMDAwMDAwfX0=",
          "dependencies": [
            "module.vpc.aws_internet_gateway.igw",
            "module.vpc.aws_lb.api_internal",
            "module.vpc.aws_lb_target_group.services",
            "module.vpc.aws_subnet.private_subnet",
            "module.vpc.aws_vpc.new_vpc"
          ]
        }
      ]
    },
    {
      "module": "module.vpc",
      "mode": "managed",
      "type": "aws_lb_target_group",
      "name": "api_external",
      "each": "list",
      "provider": "provider.aws",
      "instances": [
        {
          "index_key": 0,
          "schema_version": 0,
          "attributes": {
            "arn": "arn:aws:elasticloadbalancing:us-east-2:524466471676:targetgroup/support-openshift-rwtsm-aext/3d369e6891caac38",
            "arn_suffix": "targetgroup/support-openshift-rwtsm-aext/3d369e6891caac38",
            "deregistration_delay": 300,
            "health_check": [
              {
                "enabled": true,
                "healthy_threshold": 2,
                "interval": 10,
                "matcher": "200-399",
                "path": "/readyz",
                "port": "6443",
                "protocol": "HTTPS",
                "timeout": 10,
                "unhealthy_threshold": 2
              }
            ],
            "id": "arn:aws:elasticloadbalancing:us-east-2:524466471676:targetgroup/support-openshift-rwtsm-aext/3d369e6891caac38",
            "lambda_multi_value_headers_enabled": false,
            "load_balancing_algorithm_type": null,
            "name": "support-openshift-rwtsm-aext",
            "name_prefix": null,
            "port": 6443,
            "protocol": "TCP",
            "proxy_protocol_v2": false,
            "slow_start": 0,
            "stickiness": [],
            "tags": {
              "Name": "support-openshift-rwtsm-aext",
              "kubernetes.io/cluster/support-openshift-rwtsm": "owned"
            },
            "target_type": "ip",
            "vpc_id": "vpc-08d44401cdbd30452"
          },
          "private": "bnVsbA==",
          "dependencies": [
            "module.vpc.aws_vpc.new_vpc"
          ]
        }
      ]
    },
    {
      "module": "module.vpc",
      "mode": "managed",
      "type": "aws_lb_target_group",
      "name": "api_internal",
      "provider": "provider.aws",
      "instances": [
        {
          "schema_version": 0,
          "attributes": {
            "arn": "arn:aws:elasticloadbalancing:us-east-2:524466471676:targetgroup/support-openshift-rwtsm-aint/6f60eb33eaf86890",
            "arn_suffix": "targetgroup/support-openshift-rwtsm-aint/6f60eb33eaf86890",
            "deregistration_delay": 300,
            "health_check": [
              {
                "enabled": true,
                "healthy_threshold": 2,
                "interval": 10,
                "matcher": "200-399",
                "path": "/readyz",
                "port": "6443",
                "protocol": "HTTPS",
                "timeout": 10,
                "unhealthy_threshold": 2
              }
            ],
            "id": "arn:aws:elasticloadbalancing:us-east-2:524466471676:targetgroup/support-openshift-rwtsm-aint/6f60eb33eaf86890",
            "lambda_multi_value_headers_enabled": false,
            "load_balancing_algorithm_type": null,
            "name": "support-openshift-rwtsm-aint",
            "name_prefix": null,
            "port": 6443,
            "protocol": "TCP",
            "proxy_protocol_v2": false,
            "slow_start": 0,
            "stickiness": [],
            "tags": {
              "Name": "support-openshift-rwtsm-aint",
              "kubernetes.io/cluster/support-openshift-rwtsm": "owned"
            },
            "target_type": "ip",
            "vpc_id": "vpc-08d44401cdbd30452"
          },
          "private": "bnVsbA==",
          "dependencies": [
            "module.vpc.aws_vpc.new_vpc"
          ]
        }
      ]
    },
    {
      "module": "module.vpc",
      "mode": "managed",
      "type": "aws_lb_target_group",
      "name": "services",
      "provider": "provider.aws",
      "instances": [
        {
          "schema_version": 0,
          "attributes": {
            "arn": "arn:aws:elasticloadbalancing:us-east-2:524466471676:targetgroup/support-openshift-rwtsm-sint/1971b8dfd74468d5",
            "arn_suffix": "targetgroup/support-openshift-rwtsm-sint/1971b8dfd74468d5",
            "deregistration_delay": 300,
            "health_check": [
              {
                "enabled": true,
                "healthy_threshold": 2,
                "interval": 10,
                "matcher": "200-399",
                "path": "/healthz",
                "port": "22623",
                "protocol": "HTTPS",
                "timeout": 10,
                "unhealthy_threshold": 2
              }
            ],
            "id": "arn:aws:elasticloadbalancing:us-east-2:524466471676:targetgroup/support-openshift-rwtsm-sint/1971b8dfd74468d5",
            "lambda_multi_value_headers_enabled": false,
            "load_balancing_algorithm_type": null,
            "name": "support-openshift-rwtsm-sint",
            "name_prefix": null,
            "port": 22623,
            "protocol": "TCP",
            "proxy_protocol_v2": false,
            "slow_start": 0,
            "stickiness": [],
            "tags": {
              "Name": "support-openshift-rwtsm-sint",
              "kubernetes.io/cluster/support-openshift-rwtsm": "owned"
            },
            "target_type": "ip",
            "vpc_id": "vpc-08d44401cdbd30452"
          },
          "private": "bnVsbA==",
          "dependencies": [
            "module.vpc.aws_vpc.new_vpc"
          ]
        }
      ]
    },
    {
      "module": "module.masters",
      "mode": "managed",
      "type": "aws_lb_target_group_attachment",
      "name": "master",
      "each": "list",
      "provider": "provider.aws",
      "instances": [
        {
          "index_key": 0,
          "schema_version": 0,
          "attributes": {
            "availability_zone": null,
            "id": "arn:aws:elasticloadbalancing:us-east-2:524466471676:targetgroup/support-openshift-rwtsm-aint/6f60eb33eaf86890-2021041523043175720000000e",
            "port": null,
            "target_group_arn": "arn:aws:elasticloadbalancing:us-east-2:524466471676:targetgroup/support-openshift-rwtsm-aint/6f60eb33eaf86890",
            "target_id": "10.0.132.233"
          },
          "private": "bnVsbA==",
          "dependencies": [
            "aws_ami_copy.imported",
            "module.masters.aws_iam_instance_profile.master",
            "module.masters.aws_iam_role.master_role",
            "module.masters.aws_instance.master",
            "module.masters.aws_network_interface.master",
            "module.vpc.aws_lb_target_group.api_external",
            "module.vpc.aws_lb_target_group.api_internal",
            "module.vpc.aws_lb_target_group.services",
            "module.vpc.aws_security_group.master",
            "module.vpc.aws_subnet.private_subnet",
            "module.vpc.aws_vpc.new_vpc"
          ]
        },
        {
          "index_key": 1,
          "schema_version": 0,
          "attributes": {
            "availability_zone": null,
            "id": "arn:aws:elasticloadbalancing:us-east-2:524466471676:targetgroup/support-openshift-rwtsm-sint/1971b8dfd74468d5-2021041523043170670000000c",
            "port": null,
            "target_group_arn": "arn:aws:elasticloadbalancing:us-east-2:524466471676:targetgroup/support-openshift-rwtsm-sint/1971b8dfd74468d5",
            "target_id": "10.0.132.233"
          },
          "private": "bnVsbA==",
          "dependencies": [
            "aws_ami_copy.imported",
            "module.masters.aws_iam_instance_profile.master",
            "module.masters.aws_iam_role.master_role",
            "module.masters.aws_instance.master",
            "module.masters.aws_network_interface.master",
            "module.vpc.aws_lb_target_group.api_external",
            "module.vpc.aws_lb_target_group.api_internal",
            "module.vpc.aws_lb_target_group.services",
            "module.vpc.aws_security_group.master",
            "module.vpc.aws_subnet.private_subnet",
            "module.vpc.aws_vpc.new_vpc"
          ]
        },
        {
          "index_key": 2,
          "schema_version": 0,
          "attributes": {
            "availability_zone": null,
            "id": "arn:aws:elasticloadbalancing:us-east-2:524466471676:targetgroup/support-openshift-rwtsm-aext/3d369e6891caac38-20210415230431155000000008",
            "port": null,
            "target_group_arn": "arn:aws:elasticloadbalancing:us-east-2:524466471676:targetgroup/support-openshift-rwtsm-aext/3d369e6891caac38",
            "target_id": "10.0.132.233"
          },
          "private": "bnVsbA==",
          "dependencies": [
            "aws_ami_copy.imported",
            "module.masters.aws_iam_instance_profile.master",
            "module.masters.aws_iam_role.master_role",
            "module.masters.aws_instance.master",
            "module.masters.aws_network_interface.master",
            "module.vpc.aws_lb_target_group.api_external",
            "module.vpc.aws_lb_target_group.api_internal",
            "module.vpc.aws_lb_target_group.services",
            "module.vpc.aws_security_group.master",
            "module.vpc.aws_subnet.private_subnet",
            "module.vpc.aws_vpc.new_vpc"
          ]
        },
        {
          "index_key": 3,
          "schema_version": 0,
          "attributes": {
            "availability_zone": null,
            "id": "arn:aws:elasticloadbalancing:us-east-2:524466471676:targetgroup/support-openshift-rwtsm-aint/6f60eb33eaf86890-2021041523043170810000000d",
            "port": null,
            "target_group_arn": "arn:aws:elasticloadbalancing:us-east-2:524466471676:targetgroup/support-openshift-rwtsm-aint/6f60eb33eaf86890",
            "target_id": "10.0.171.220"
          },
          "private": "bnVsbA==",
          "dependencies": [
            "aws_ami_copy.imported",
            "module.masters.aws_iam_instance_profile.master",
            "module.masters.aws_iam_role.master_role",
            "module.masters.aws_instance.master",
            "module.masters.aws_network_interface.master",
            "module.vpc.aws_lb_target_group.api_external",
            "module.vpc.aws_lb_target_group.api_internal",
            "module.vpc.aws_lb_target_group.services",
            "module.vpc.aws_security_group.master",
            "module.vpc.aws_subnet.private_subnet",
            "module.vpc.aws_vpc.new_vpc"
          ]
        },
        {
          "index_key": 4,
          "schema_version": 0,
          "attributes": {
            "availability_zone": null,
            "id": "arn:aws:elasticloadbalancing:us-east-2:524466471676:targetgroup/support-openshift-rwtsm-sint/1971b8dfd74468d5-2021041523043124420000000b",
            "port": null,
            "target_group_arn": "arn:aws:elasticloadbalancing:us-east-2:524466471676:targetgroup/support-openshift-rwtsm-sint/1971b8dfd74468d5",
            "target_id": "10.0.171.220"
          },
          "private": "bnVsbA==",
          "dependencies": [
            "aws_ami_copy.imported",
            "module.masters.aws_iam_instance_profile.master",
            "module.masters.aws_iam_role.master_role",
            "module.masters.aws_instance.master",
            "module.masters.aws_network_interface.master",
            "module.vpc.aws_lb_target_group.api_external",
            "module.vpc.aws_lb_target_group.api_internal",
            "module.vpc.aws_lb_target_group.services",
            "module.vpc.aws_security_group.master",
            "module.vpc.aws_subnet.private_subnet",
            "module.vpc.aws_vpc.new_vpc"
          ]
        },
        {
          "index_key": 5,
          "schema_version": 0,
          "attributes": {
            "availability_zone": null,
            "id": "arn:aws:elasticloadbalancing:us-east-2:524466471676:targetgroup/support-openshift-rwtsm-aext/3d369e6891caac38-20210415230431166700000009",
            "port": null,
            "target_group_arn": "arn:aws:elasticloadbalancing:us-east-2:524466471676:targetgroup/support-openshift-rwtsm-aext/3d369e6891caac38",
            "target_id": "10.0.171.220"
          },
          "private": "bnVsbA==",
          "dependencies": [
            "aws_ami_copy.imported",
            "module.masters.aws_iam_instance_profile.master",
            "module.masters.aws_iam_role.master_role",
            "module.masters.aws_instance.master",
            "module.masters.aws_network_interface.master",
            "module.vpc.aws_lb_target_group.api_external",
            "module.vpc.aws_lb_target_group.api_internal",
            "module.vpc.aws_lb_target_group.services",
            "module.vpc.aws_security_group.master",
            "module.vpc.aws_subnet.private_subnet",
            "module.vpc.aws_vpc.new_vpc"
          ]
        },
        {
          "index_key": 6,
          "schema_version": 0,
          "attributes": {
            "availability_zone": null,
            "id": "arn:aws:elasticloadbalancing:us-east-2:524466471676:targetgroup/support-openshift-rwtsm-aint/6f60eb33eaf86890-2021041523043181410000000f",
            "port": null,
            "target_group_arn": "arn:aws:elasticloadbalancing:us-east-2:524466471676:targetgroup/support-openshift-rwtsm-aint/6f60eb33eaf86890",
            "target_id": "10.0.213.0"
          },
          "private": "bnVsbA==",
          "dependencies": [
            "aws_ami_copy.imported",
            "module.masters.aws_iam_instance_profile.master",
            "module.masters.aws_iam_role.master_role",
            "module.masters.aws_instance.master",
            "module.masters.aws_network_interface.master",
            "module.vpc.aws_lb_target_group.api_external",
            "module.vpc.aws_lb_target_group.api_internal",
            "module.vpc.aws_lb_target_group.services",
            "module.vpc.aws_security_group.master",
            "module.vpc.aws_subnet.private_subnet",
            "module.vpc.aws_vpc.new_vpc"
          ]
        },
        {
          "index_key": 7,
          "schema_version": 0,
          "attributes": {
            "availability_zone": null,
            "id": "arn:aws:elasticloadbalancing:us-east-2:524466471676:targetgroup/support-openshift-rwtsm-sint/1971b8dfd74468d5-20210415230431155000000007",
            "port": null,
            "target_group_arn": "arn:aws:elasticloadbalancing:us-east-2:524466471676:targetgroup/support-openshift-rwtsm-sint/1971b8dfd74468d5",
            "target_id": "10.0.213.0"
          },
          "private": "bnVsbA==",
          "dependencies": [
            "aws_ami_copy.imported",
            "module.masters.aws_iam_instance_profile.master",
            "module.masters.aws_iam_role.master_role",
            "module.masters.aws_instance.master",
            "module.masters.aws_network_interface.master",
            "module.vpc.aws_lb_target_group.api_external",
            "module.vpc.aws_lb_target_group.api_internal",
            "module.vpc.aws_lb_target_group.services",
            "module.vpc.aws_security_group.master",
            "module.vpc.aws_subnet.private_subnet",
            "module.vpc.aws_vpc.new_vpc"
          ]
        },
        {
          "index_key": 8,
          "schema_version": 0,
          "attributes": {
            "availability_zone": null,
            "id": "arn:aws:elasticloadbalancing:us-east-2:524466471676:targetgroup/support-openshift-rwtsm-aext/3d369e6891caac38-2021041523043123370000000a",
            "port": null,
            "target_group_arn": "arn:aws:elasticloadbalancing:us-east-2:524466471676:targetgroup/support-openshift-rwtsm-aext/3d369e6891caac38",
            "target_id": "10.0.213.0"
          },
          "private": "bnVsbA==",
          "dependencies": [
            "aws_ami_copy.imported",
            "module.masters.aws_iam_instance_profile.master",
            "module.masters.aws_iam_role.master_role",
            "module.masters.aws_instance.master",
            "module.masters.aws_network_interface.master",
            "module.vpc.aws_lb_target_group.api_external",
            "module.vpc.aws_lb_target_group.api_internal",
            "module.vpc.aws_lb_target_group.services",
            "module.vpc.aws_security_group.master",
            "module.vpc.aws_subnet.private_subnet",
            "module.vpc.aws_vpc.new_vpc"
          ]
        }
      ]
    },
    {
      "module": "module.vpc",
      "mode": "managed",
      "type": "aws_main_route_table_association",
      "name": "main_vpc_routes",
      "each": "list",
      "provider": "provider.aws",
      "instances": [
        {
          "index_key": 0,
          "schema_version": 0,
          "attributes": {
            "id": "rtbassoc-0fc040a539776a59c",
            "original_route_table_id": "rtb-08ed481469a6fd2b2",
            "route_table_id": "rtb-09a30cd66e4839373",
            "vpc_id": "vpc-08d44401cdbd30452"
          },
          "private": "bnVsbA==",
          "dependencies": [
            "module.vpc.aws_route_table.default",
            "module.vpc.aws_vpc.new_vpc"
          ]
        }
      ]
    },
    {
      "module": "module.vpc",
      "mode": "managed",
      "type": "aws_nat_gateway",
      "name": "nat_gw",
      "each": "list",
      "provider": "provider.aws",
      "instances": [
        {
          "index_key": 0,
          "schema_version": 0,
          "attributes": {
            "allocation_id": "eipalloc-001c6bb3ca66c5cde",
            "id": "nat-05259ea4e5f3533dd",
            "network_interface_id": "eni-0ca46931154730e14",
            "private_ip": "10.0.24.242",
            "public_ip": "13.59.33.20",
            "subnet_id": "subnet-0a6456309a706fd76",
            "tags": {
              "Name": "support-openshift-rwtsm-nat-us-east-2a",
              "kubernetes.io/cluster/support-openshift-rwtsm": "owned"
            }
          },
          "private": "bnVsbA==",
          "dependencies": [
            "module.vpc.aws_eip.nat_eip",
            "module.vpc.aws_internet_gateway.igw",
            "module.vpc.aws_subnet.public_subnet",
            "module.vpc.aws_vpc.new_vpc"
          ]
        },
        {
          "index_key": 1,
          "schema_version": 0,
          "attributes": {
            "allocation_id": "eipalloc-00eb9027520fda0e0",
            "id": "nat-085086646a24b0f5f",
            "network_interface_id": "eni-04768c1746db35dbd",
            "private_ip": "10.0.57.145",
            "public_ip": "3.16.134.194",
            "subnet_id": "subnet-09ec65626949ff785",
            "tags": {
              "Name": "support-openshift-rwtsm-nat-us-east-2b",
              "kubernetes.io/cluster/support-openshift-rwtsm": "owned"
            }
          },
          "private": "bnVsbA==",
          "dependencies": [
            "module.vpc.aws_eip.nat_eip",
            "module.vpc.aws_internet_gateway.igw",
            "module.vpc.aws_subnet.public_subnet",
            "module.vpc.aws_vpc.new_vpc"
          ]
        },
        {
          "index_key": 2,
          "schema_version": 0,
          "attributes": {
            "allocation_id": "eipalloc-0acdb1a11e4806e50",
            "id": "nat-0de35276d200f71fb",
            "network_interface_id": "eni-082cb11f95dfc8866",
            "private_ip": "10.0.71.40",
            "public_ip": "3.132.29.212",
            "subnet_id": "subnet-0fecbec37daabbd0a",
            "tags": {
              "Name": "support-openshift-rwtsm-nat-us-east-2c",
              "kubernetes.io/cluster/support-openshift-rwtsm": "owned"
            }
          },
          "private": "bnVsbA==",
          "dependencies": [
            "module.vpc.aws_eip.nat_eip",
            "module.vpc.aws_internet_gateway.igw",
            "module.vpc.aws_subnet.public_subnet",
            "module.vpc.aws_vpc.new_vpc"
          ]
        }
      ]
    },
    {
      "module": "module.masters",
      "mode": "managed",
      "type": "aws_network_interface",
      "name": "master",
      "each": "list",
      "provider": "provider.aws",
      "instances": [
        {
          "index_key": 0,
          "schema_version": 0,
          "attributes": {
            "attachment": [],
            "description": "",
            "id": "eni-0fa5b14df27a18936",
            "mac_address": "02:14:af:ca:50:ec",
            "outpost_arn": "",
            "private_dns_name": "ip-10-0-132-233.us-east-2.compute.internal",
            "private_ip": "10.0.132.233",
            "private_ips": [
              "10.0.132.233"
            ],
            "private_ips_count": 0,
            "security_groups": [
              "sg-07640434bc2e7af2b"
            ],
            "source_dest_check": true,
            "subnet_id": "subnet-0aa052a684e02e082",
            "tags": {
              "Name": "support-openshift-rwtsm-master-0",
              "kubernetes.io/cluster/support-openshift-rwtsm": "owned"
            }
          },
          "private": "bnVsbA==",
          "dependencies": [
            "module.vpc.aws_security_group.master",
            "module.vpc.aws_subnet.private_subnet",
            "module.vpc.aws_vpc.new_vpc"
          ]
        },
        {
          "index_key": 1,
          "schema_version": 0,
          "attributes": {
            "attachment": [],
            "description": "",
            "id": "eni-0428954ba1af3f754",
            "mac_address": "06:76:c5:e3:f7:06",
            "outpost_arn": "",
            "private_dns_name": "ip-10-0-171-220.us-east-2.compute.internal",
            "private_ip": "10.0.171.220",
            "private_ips": [
              "10.0.171.220"
            ],
            "private_ips_count": 0,
            "security_groups": [
              "sg-07640434bc2e7af2b"
            ],
            "source_dest_check": true,
            "subnet_id": "subnet-03626e281b28e0a4a",
            "tags": {
              "Name": "support-openshift-rwtsm-master-1",
              "kubernetes.io/cluster/support-openshift-rwtsm": "owned"
            }
          },
          "private": "bnVsbA==",
          "dependencies": [
            "module.vpc.aws_security_group.master",
            "module.vpc.aws_subnet.private_subnet",
            "module.vpc.aws_vpc.new_vpc"
          ]
        },
        {
          "index_key": 2,
          "schema_version": 0,
          "attributes": {
            "attachment": [],
            "description": "",
            "id": "eni-07ca3f8631f7516b0",
            "mac_address": "0a:25:a3:ed:c8:90",
            "outpost_arn": "",
            "private_dns_name": "ip-10-0-213-0.us-east-2.compute.internal",
            "private_ip": "10.0.213.0",
            "private_ips": [
              "10.0.213.0"
            ],
            "private_ips_count": 0,
            "security_groups": [
              "sg-07640434bc2e7af2b"
            ],
            "source_dest_check": true,
            "subnet_id": "subnet-06dc4b82c7083aebf",
            "tags": {
              "Name": "support-openshift-rwtsm-master-2",
              "kubernetes.io/cluster/support-openshift-rwtsm": "owned"
            }
          },
          "private": "bnVsbA==",
          "dependencies": [
            "module.vpc.aws_security_group.master",
            "module.vpc.aws_subnet.private_subnet",
            "module.vpc.aws_vpc.new_vpc"
          ]
        }
      ]
    },
    {
      "module": "module.vpc",
      "mode": "managed",
      "type": "aws_route",
      "name": "igw_route",
      "each": "list",
      "provider": "provider.aws",
      "instances": [
        {
          "index_key": 0,
          "schema_version": 0,
          "attributes": {
            "destination_cidr_block": "0.0.0.0/0",
            "destination_ipv6_cidr_block": null,
            "destination_prefix_list_id": "",
            "egress_only_gateway_id": "",
            "gateway_id": "igw-046c51a7c4184fbd2",
            "id": "r-rtb-09a30cd66e48393731080289494",
            "instance_id": "",
            "instance_owner_id": "",
            "nat_gateway_id": "",
            "network_interface_id": "",
            "origin": "CreateRoute",
            "route_table_id": "rtb-09a30cd66e4839373",
            "state": "active",
            "timeouts": {
              "create": "20m",
              "delete": null
            },
            "transit_gateway_id": "",
            "vpc_peering_connection_id": ""
          },
          "private": "eyJlMmJmYjczMC1lY2FhLTExZTYtOGY4OC0zNDM2M2JjN2M0YzAiOnsiY3JlYXRlIjoxMjAwMDAwMDAwMDAwLCJkZWxldGUiOjMwMDAwMDAwMDAwMH19",
          "dependencies": [
            "module.vpc.aws_internet_gateway.igw",
            "module.vpc.aws_route_table.default",
            "module.vpc.aws_vpc.new_vpc"
          ]
        }
      ]
    },
    {
      "module": "module.vpc",
      "mode": "managed",
      "type": "aws_route",
      "name": "to_nat_gw",
      "each": "list",
      "provider": "provider.aws",
      "instances": [
        {
          "index_key": 0,
          "schema_version": 0,
          "attributes": {
            "destination_cidr_block": "0.0.0.0/0",
            "destination_ipv6_cidr_block": null,
            "destination_prefix_list_id": "",
            "egress_only_gateway_id": "",
            "gateway_id": "",
            "id": "r-rtb-089e2cc26225e0d6d1080289494",
            "instance_id": "",
            "instance_owner_id": "",
            "nat_gateway_id": "nat-05259ea4e5f3533dd",
            "network_interface_id": "",
            "origin": "CreateRoute",
            "route_table_id": "rtb-089e2cc26225e0d6d",
            "state": "active",
            "timeouts": {
              "create": "20m",
              "delete": null
            },
            "transit_gateway_id": "",
            "vpc_peering_connection_id": ""
          },
          "private": "eyJlMmJmYjczMC1lY2FhLTExZTYtOGY4OC0zNDM2M2JjN2M0YzAiOnsiY3JlYXRlIjoxMjAwMDAwMDAwMDAwLCJkZWxldGUiOjMwMDAwMDAwMDAwMH19",
          "dependencies": [
            "module.vpc.aws_eip.nat_eip",
            "module.vpc.aws_internet_gateway.igw",
            "module.vpc.aws_nat_gateway.nat_gw",
            "module.vpc.aws_route_table.private_routes",
            "module.vpc.aws_subnet.public_subnet",
            "module.vpc.aws_vpc.new_vpc"
          ]
        },
        {
          "index_key": 1,
          "schema_version": 0,
          "attributes": {
            "destination_cidr_block": "0.0.0.0/0",
            "destination_ipv6_cidr_block": null,
            "destination_prefix_list_id": "",
            "egress_only_gateway_id": "",
            "gateway_id": "",
            "id": "r-rtb-07c391e9a1b047c401080289494",
            "instance_id": "",
            "instance_owner_id": "",
            "nat_gateway_id": "nat-085086646a24b0f5f",
            "network_interface_id": "",
            "origin": "CreateRoute",
            "route_table_id": "rtb-07c391e9a1b047c40",
            "state": "active",
            "timeouts": {
              "create": "20m",
              "delete": null
            },
            "transit_gateway_id": "",
            "vpc_peering_connection_id": ""
          },
          "private": "eyJlMmJmYjczMC1lY2FhLTExZTYtOGY4OC0zNDM2M2JjN2M0YzAiOnsiY3JlYXRlIjoxMjAwMDAwMDAwMDAwLCJkZWxldGUiOjMwMDAwMDAwMDAwMH19",
          "dependencies": [
            "module.vpc.aws_eip.nat_eip",
            "module.vpc.aws_internet_gateway.igw",
            "module.vpc.aws_nat_gateway.nat_gw",
            "module.vpc.aws_route_table.private_routes",
            "module.vpc.aws_subnet.public_subnet",
            "module.vpc.aws_vpc.new_vpc"
          ]
        },
        {
          "index_key": 2,
          "schema_version": 0,
          "attributes": {
            "destination_cidr_block": "0.0.0.0/0",
            "destination_ipv6_cidr_block": null,
            "destination_prefix_list_id": "",
            "egress_only_gateway_id": "",
            "gateway_id": "",
            "id": "r-rtb-0ee0caca28f40ddab1080289494",
            "instance_id": "",
            "instance_owner_id": "",
            "nat_gateway_id": "nat-0de35276d200f71fb",
            "network_interface_id": "",
            "origin": "CreateRoute",
            "route_table_id": "rtb-0ee0caca28f40ddab",
            "state": "active",
            "timeouts": {
              "create": "20m",
              "delete": null
            },
            "transit_gateway_id": "",
            "vpc_peering_connection_id": ""
          },
          "private": "eyJlMmJmYjczMC1lY2FhLTExZTYtOGY4OC0zNDM2M2JjN2M0YzAiOnsiY3JlYXRlIjoxMjAwMDAwMDAwMDAwLCJkZWxldGUiOjMwMDAwMDAwMDAwMH19",
          "dependencies": [
            "module.vpc.aws_eip.nat_eip",
            "module.vpc.aws_internet_gateway.igw",
            "module.vpc.aws_nat_gateway.nat_gw",
            "module.vpc.aws_route_table.private_routes",
            "module.vpc.aws_subnet.public_subnet",
            "module.vpc.aws_vpc.new_vpc"
          ]
        }
      ]
    },
    {
      "module": "module.dns",
      "mode": "managed",
      "type": "aws_route53_record",
      "name": "api_external_alias",
      "each": "list",
      "provider": "provider.aws",
      "instances": [
        {
          "index_key": 0,
          "schema_version": 2,
          "attributes": {
            "alias": [
              {
                "evaluate_target_health": false,
                "name": "support-openshift-rwtsm-ext-f49b0fb188d3e5b0.elb.us-east-2.amazonaws.com",
                "zone_id": "ZLMOA37VPKANP"
              }
            ],
            "allow_overwrite": null,
            "failover_routing_policy": [],
            "fqdn": "api.support-openshift.h2o.ai",
            "geolocation_routing_policy": [],
            "health_check_id": null,
            "id": "ZU45CR54M0XLJ_api.support-openshift.h2o.ai_A",
            "latency_routing_policy": [],
            "multivalue_answer_routing_policy": null,
            "name": "api.support-openshift.h2o.ai",
            "records": null,
            "set_identifier": null,
            "ttl": null,
            "type": "A",
            "weighted_routing_policy": [],
            "zone_id": "ZU45CR54M0XLJ"
          },
          "private": "eyJzY2hlbWFfdmVyc2lvbiI6IjIifQ==",
          "dependencies": [
            "module.vpc.aws_internet_gateway.igw",
            "module.vpc.aws_lb.api_external",
            "module.vpc.aws_subnet.public_subnet",
            "module.vpc.aws_vpc.new_vpc"
          ]
        }
      ]
    },
    {
      "module": "module.dns",
      "mode": "managed",
      "type": "aws_route53_record",
      "name": "api_external_internal_zone_alias",
      "each": "list",
      "provider": "provider.aws",
      "instances": [
        {
          "index_key": 0,
          "schema_version": 2,
          "attributes": {
            "alias": [
              {
                "evaluate_target_health": false,
                "name": "support-openshift-rwtsm-int-08ee7d9e4bf5cf0a.elb.us-east-2.amazonaws.com",
                "zone_id": "ZLMOA37VPKANP"
              }
            ],
            "allow_overwrite": null,
            "failover_routing_policy": [],
            "fqdn": "api.support-openshift.h2o.ai",
            "geolocation_routing_policy": [],
            "health_check_id": null,
            "id": "Z02869203IQ5MQ9BUE4KN_api.support-openshift.h2o.ai_A",
            "latency_routing_policy": [],
            "multivalue_answer_routing_policy": null,
            "name": "api.support-openshift.h2o.ai",
            "records": null,
            "set_identifier": null,
            "ttl": null,
            "type": "A",
            "weighted_routing_policy": [],
            "zone_id": "Z02869203IQ5MQ9BUE4KN"
          },
          "private": "eyJzY2hlbWFfdmVyc2lvbiI6IjIifQ==",
          "dependencies": [
            "module.dns.aws_route53_record.api_external_alias",
            "module.dns.aws_route53_record.api_external_cname",
            "module.dns.aws_route53_zone.int",
            "module.vpc.aws_internet_gateway.igw",
            "module.vpc.aws_lb.api_external",
            "module.vpc.aws_lb.api_internal",
            "module.vpc.aws_subnet.private_subnet",
            "module.vpc.aws_subnet.public_subnet",
            "module.vpc.aws_vpc.new_vpc"
          ]
        }
      ]
    },
    {
      "module": "module.dns",
      "mode": "managed",
      "type": "aws_route53_record",
      "name": "api_internal_alias",
      "each": "list",
      "provider": "provider.aws",
      "instances": [
        {
          "index_key": 0,
          "schema_version": 2,
          "attributes": {
            "alias": [
              {
                "evaluate_target_health": false,
                "name": "support-openshift-rwtsm-int-08ee7d9e4bf5cf0a.elb.us-east-2.amazonaws.com",
                "zone_id": "ZLMOA37VPKANP"
              }
            ],
            "allow_overwrite": null,
            "failover_routing_policy": [],
            "fqdn": "api-int.support-openshift.h2o.ai",
            "geolocation_routing_policy": [],
            "health_check_id": null,
            "id": "Z02869203IQ5MQ9BUE4KN_api-int.support-openshift.h2o.ai_A",
            "latency_routing_policy": [],
            "multivalue_answer_routing_policy": null,
            "name": "api-int.support-openshift.h2o.ai",
            "records": null,
            "set_identifier": null,
            "ttl": null,
            "type": "A",
            "weighted_routing_policy": [],
            "zone_id": "Z02869203IQ5MQ9BUE4KN"
          },
          "private": "eyJzY2hlbWFfdmVyc2lvbiI6IjIifQ==",
          "dependencies": [
            "module.dns.aws_route53_record.api_external_alias",
            "module.dns.aws_route53_record.api_external_cname",
            "module.dns.aws_route53_zone.int",
            "module.vpc.aws_internet_gateway.igw",
            "module.vpc.aws_lb.api_external",
            "module.vpc.aws_lb.api_internal",
            "module.vpc.aws_subnet.private_subnet",
            "module.vpc.aws_subnet.public_subnet",
            "module.vpc.aws_vpc.new_vpc"
          ]
        }
      ]
    },
    {
      "module": "module.dns",
      "mode": "managed",
      "type": "aws_route53_zone",
      "name": "int",
      "provider": "provider.aws",
      "instances": [
        {
          "schema_version": 0,
          "attributes": {
            "comment": "Managed by Terraform",
            "delegation_set_id": "",
            "force_destroy": true,
            "id": "Z02869203IQ5MQ9BUE4KN",
            "name": "support-openshift.h2o.ai.",
            "name_servers": [
              "ns-0.awsdns-00.com.",
              "ns-1024.awsdns-00.org.",
              "ns-1536.awsdns-00.co.uk.",
              "ns-512.awsdns-00.net."
            ],
            "tags": {
              "Name": "support-openshift-rwtsm-int",
              "kubernetes.io/cluster/support-openshift-rwtsm": "owned"
            },
            "vpc": [
              {
                "vpc_id": "vpc-08d44401cdbd30452",
                "vpc_region": "us-east-2"
              }
            ],
            "vpc_id": null,
            "vpc_region": null,
            "zone_id": "Z02869203IQ5MQ9BUE4KN"
          },
          "private": "bnVsbA==",
          "dependencies": [
            "module.dns.aws_route53_record.api_external_alias",
            "module.dns.aws_route53_record.api_external_cname",
            "module.vpc.aws_internet_gateway.igw",
            "module.vpc.aws_lb.api_external",
            "module.vpc.aws_subnet.public_subnet",
            "module.vpc.aws_vpc.new_vpc"
          ]
        }
      ]
    },
    {
      "module": "module.vpc",
      "mode": "managed",
      "type": "aws_route_table",
      "name": "default",
      "each": "list",
      "provider": "provider.aws",
      "instances": [
        {
          "index_key": 0,
          "schema_version": 0,
          "attributes": {
            "id": "rtb-09a30cd66e4839373",
            "owner_id": "524466471676",
            "propagating_vgws": [],
            "route": [],
            "tags": {
              "Name": "support-openshift-rwtsm-public",
              "kubernetes.io/cluster/support-openshift-rwtsm": "owned"
            },
            "vpc_id": "vpc-08d44401cdbd30452"
          },
          "private": "bnVsbA==",
          "dependencies": [
            "module.vpc.aws_vpc.new_vpc"
          ]
        }
      ]
    },
    {
      "module": "module.vpc",
      "mode": "managed",
      "type": "aws_route_table",
      "name": "private_routes",
      "each": "list",
      "provider": "provider.aws",
      "instances": [
        {
          "index_key": 0,
          "schema_version": 0,
          "attributes": {
            "id": "rtb-089e2cc26225e0d6d",
            "owner_id": "524466471676",
            "propagating_vgws": [],
            "route": [],
            "tags": {
              "Name": "support-openshift-rwtsm-private-us-east-2a",
              "kubernetes.io/cluster/support-openshift-rwtsm": "owned"
            },
            "vpc_id": "vpc-08d44401cdbd30452"
          },
          "private": "bnVsbA==",
          "dependencies": [
            "module.vpc.aws_vpc.new_vpc"
          ]
        },
        {
          "index_key": 1,
          "schema_version": 0,
          "attributes": {
            "id": "rtb-07c391e9a1b047c40",
            "owner_id": "524466471676",
            "propagating_vgws": [],
            "route": [],
            "tags": {
              "Name": "support-openshift-rwtsm-private-us-east-2b",
              "kubernetes.io/cluster/support-openshift-rwtsm": "owned"
            },
            "vpc_id": "vpc-08d44401cdbd30452"
          },
          "private": "bnVsbA==",
          "dependencies": [
            "module.vpc.aws_vpc.new_vpc"
          ]
        },
        {
          "index_key": 2,
          "schema_version": 0,
          "attributes": {
            "id": "rtb-0ee0caca28f40ddab",
            "owner_id": "524466471676",
            "propagating_vgws": [],
            "route": [],
            "tags": {
              "Name": "support-openshift-rwtsm-private-us-east-2c",
              "kubernetes.io/cluster/support-openshift-rwtsm": "owned"
            },
            "vpc_id": "vpc-08d44401cdbd30452"
          },
          "private": "bnVsbA==",
          "dependencies": [
            "module.vpc.aws_vpc.new_vpc"
          ]
        }
      ]
    },
    {
      "module": "module.vpc",
      "mode": "managed",
      "type": "aws_route_table_association",
      "name": "private_routing",
      "each": "list",
      "provider": "provider.aws",
      "instances": [
        {
          "index_key": 0,
          "schema_version": 0,
          "attributes": {
            "gateway_id": null,
            "id": "rtbassoc-04dda3e02369eddcb",
            "route_table_id": "rtb-089e2cc26225e0d6d",
            "subnet_id": "subnet-0aa052a684e02e082"
          },
          "private": "bnVsbA==",
          "dependencies": [
            "module.vpc.aws_route_table.private_routes",
            "module.vpc.aws_subnet.private_subnet",
            "module.vpc.aws_vpc.new_vpc"
          ]
        },
        {
          "index_key": 1,
          "schema_version": 0,
          "attributes": {
            "gateway_id": null,
            "id": "rtbassoc-0bae48b36fa2a44fb",
            "route_table_id": "rtb-07c391e9a1b047c40",
            "subnet_id": "subnet-03626e281b28e0a4a"
          },
          "private": "bnVsbA==",
          "dependencies": [
            "module.vpc.aws_route_table.private_routes",
            "module.vpc.aws_subnet.private_subnet",
            "module.vpc.aws_vpc.new_vpc"
          ]
        },
        {
          "index_key": 2,
          "schema_version": 0,
          "attributes": {
            "gateway_id": null,
            "id": "rtbassoc-091def9e8a75d725b",
            "route_table_id": "rtb-0ee0caca28f40ddab",
            "subnet_id": "subnet-06dc4b82c7083aebf"
          },
          "private": "bnVsbA==",
          "dependencies": [
            "module.vpc.aws_route_table.private_routes",
            "module.vpc.aws_subnet.private_subnet",
            "module.vpc.aws_vpc.new_vpc"
          ]
        }
      ]
    },
    {
      "module": "module.vpc",
      "mode": "managed",
      "type": "aws_route_table_association",
      "name": "route_net",
      "each": "list",
      "provider": "provider.aws",
      "instances": [
        {
          "index_key": 0,
          "schema_version": 0,
          "attributes": {
            "gateway_id": null,
            "id": "rtbassoc-02e56386c2ffae575",
            "route_table_id": "rtb-09a30cd66e4839373",
            "subnet_id": "subnet-0a6456309a706fd76"
          },
          "private": "bnVsbA==",
          "dependencies": [
            "module.vpc.aws_route_table.default",
            "module.vpc.aws_subnet.public_subnet",
            "module.vpc.aws_vpc.new_vpc"
          ]
        },
        {
          "index_key": 1,
          "schema_version": 0,
          "attributes": {
            "gateway_id": null,
            "id": "rtbassoc-0c131677b19718750",
            "route_table_id": "rtb-09a30cd66e4839373",
            "subnet_id": "subnet-09ec65626949ff785"
          },
          "private": "bnVsbA==",
          "dependencies": [
            "module.vpc.aws_route_table.default",
            "module.vpc.aws_subnet.public_subnet",
            "module.vpc.aws_vpc.new_vpc"
          ]
        },
        {
          "index_key": 2,
          "schema_version": 0,
          "attributes": {
            "gateway_id": null,
            "id": "rtbassoc-04e59dd7a10e9d0df",
            "route_table_id": "rtb-09a30cd66e4839373",
            "subnet_id": "subnet-0fecbec37daabbd0a"
          },
          "private": "bnVsbA==",
          "dependencies": [
            "module.vpc.aws_route_table.default",
            "module.vpc.aws_subnet.public_subnet",
            "module.vpc.aws_vpc.new_vpc"
          ]
        }
      ]
    },
    {
      "module": "module.vpc",
      "mode": "managed",
      "type": "aws_security_group",
      "name": "master",
      "provider": "provider.aws",
      "instances": [
        {
          "schema_version": 1,
          "attributes": {
            "arn": "arn:aws:ec2:us-east-2:524466471676:security-group/sg-07640434bc2e7af2b",
            "description": "Managed by Terraform",
            "egress": [
              {
                "cidr_blocks": [
                  "0.0.0.0/0"
                ],
                "description": "",
                "from_port": 0,
                "ipv6_cidr_blocks": [],
                "prefix_list_ids": [],
                "protocol": "-1",
                "security_groups": [],
                "self": false,
                "to_port": 0
              }
            ],
            "id": "sg-07640434bc2e7af2b",
            "ingress": [
              {
                "cidr_blocks": [
                  "10.0.0.0/16"
                ],
                "description": "",
                "from_port": -1,
                "ipv6_cidr_blocks": [],
                "prefix_list_ids": [],
                "protocol": "icmp",
                "security_groups": [],
                "self": false,
                "to_port": -1
              },
              {
                "cidr_blocks": [
                  "10.0.0.0/16"
                ],
                "description": "",
                "from_port": 22623,
                "ipv6_cidr_blocks": [],
                "prefix_list_ids": [],
                "protocol": "tcp",
                "security_groups": [],
                "self": false,
                "to_port": 22623
              },
              {
                "cidr_blocks": [
                  "10.0.0.0/16"
                ],
                "description": "",
                "from_port": 22,
                "ipv6_cidr_blocks": [],
                "prefix_list_ids": [],
                "protocol": "tcp",
                "security_groups": [],
                "self": false,
                "to_port": 22
              },
              {
                "cidr_blocks": [
                  "10.0.0.0/16"
                ],
                "description": "",
                "from_port": 6443,
                "ipv6_cidr_blocks": [],
                "prefix_list_ids": [],
                "protocol": "tcp",
                "security_groups": [],
                "self": false,
                "to_port": 6443
              },
              {
                "cidr_blocks": [],
                "description": "",
                "from_port": 0,
                "ipv6_cidr_blocks": [],
                "prefix_list_ids": [],
                "protocol": "50",
                "security_groups": [
                  "sg-00d397c12af378c8f"
                ],
                "self": true,
                "to_port": 0
              },
              {
                "cidr_blocks": [],
                "description": "",
                "from_port": 10250,
                "ipv6_cidr_blocks": [],
                "prefix_list_ids": [],
                "protocol": "tcp",
                "security_groups": [
                  "sg-00d397c12af378c8f"
                ],
                "self": true,
                "to_port": 10250
              },
              {
                "cidr_blocks": [],
                "description": "",
                "from_port": 10257,
                "ipv6_cidr_blocks": [],
                "prefix_list_ids": [],
                "protocol": "tcp",
                "security_groups": [
                  "sg-00d397c12af378c8f"
                ],
                "self": true,
                "to_port": 10257
              },
              {
                "cidr_blocks": [],
                "description": "",
                "from_port": 10259,
                "ipv6_cidr_blocks": [],
                "prefix_list_ids": [],
                "protocol": "tcp",
                "security_groups": [
                  "sg-00d397c12af378c8f"
                ],
                "self": true,
                "to_port": 10259
              },
              {
                "cidr_blocks": [],
                "description": "",
                "from_port": 2379,
                "ipv6_cidr_blocks": [],
                "prefix_list_ids": [],
                "protocol": "tcp",
                "security_groups": [],
                "self": true,
                "to_port": 2380
              },
              {
                "cidr_blocks": [],
                "description": "",
                "from_port": 30000,
                "ipv6_cidr_blocks": [],
                "prefix_list_ids": [],
                "protocol": "tcp",
                "security_groups": [
                  "sg-00d397c12af378c8f"
                ],
                "self": true,
                "to_port": 32767
              },
              {
                "cidr_blocks": [],
                "description": "",
                "from_port": 30000,
                "ipv6_cidr_blocks": [],
                "prefix_list_ids": [],
                "protocol": "udp",
                "security_groups": [
                  "sg-00d397c12af378c8f"
                ],
                "self": true,
                "to_port": 32767
              },
              {
                "cidr_blocks": [],
                "description": "",
                "from_port": 4500,
                "ipv6_cidr_blocks": [],
                "prefix_list_ids": [],
                "protocol": "udp",
                "security_groups": [
                  "sg-00d397c12af378c8f"
                ],
                "self": true,
                "to_port": 4500
              },
              {
                "cidr_blocks": [],
                "description": "",
                "from_port": 4789,
                "ipv6_cidr_blocks": [],
                "prefix_list_ids": [],
                "protocol": "udp",
                "security_groups": [
                  "sg-00d397c12af378c8f"
                ],
                "self": true,
                "to_port": 4789
              },
              {
                "cidr_blocks": [],
                "description": "",
                "from_port": 500,
                "ipv6_cidr_blocks": [],
                "prefix_list_ids": [],
                "protocol": "udp",
                "security_groups": [
                  "sg-00d397c12af378c8f"
                ],
                "self": true,
                "to_port": 500
              },
              {
                "cidr_blocks": [],
                "description": "",
                "from_port": 6081,
                "ipv6_cidr_blocks": [],
                "prefix_list_ids": [],
                "protocol": "udp",
                "security_groups": [
                  "sg-00d397c12af378c8f"
                ],
                "self": true,
                "to_port": 6081
              },
              {
                "cidr_blocks": [],
                "description": "",
                "from_port": 6641,
                "ipv6_cidr_blocks": [],
                "prefix_list_ids": [],
                "protocol": "tcp",
                "security_groups": [
                  "sg-00d397c12af378c8f"
                ],
                "self": true,
                "to_port": 6642
              },
              {
                "cidr_blocks": [],
                "description": "",
                "from_port": 9000,
                "ipv6_cidr_blocks": [],
                "prefix_list_ids": [],
                "protocol": "tcp",
                "security_groups": [
                  "sg-00d397c12af378c8f"
                ],
                "self": true,
                "to_port": 9999
              },
              {
                "cidr_blocks": [],
                "description": "",
                "from_port": 9000,
                "ipv6_cidr_blocks": [],
                "prefix_list_ids": [],
                "protocol": "udp",
                "security_groups": [
                  "sg-00d397c12af378c8f"
                ],
                "self": true,
                "to_port": 9999
              }
            ],
            "name": "terraform-20210415230313747600000001",
            "name_prefix": null,
            "owner_id": "524466471676",
            "revoke_rules_on_delete": false,
            "tags": {
              "Name": "support-openshift-rwtsm-master-sg",
              "kubernetes.io/cluster/support-openshift-rwtsm": "owned"
            },
            "timeouts": {
              "create": "20m",
              "delete": null
            },
            "vpc_id": "vpc-08d44401cdbd30452"
          },
          "private": "eyJlMmJmYjczMC1lY2FhLTExZTYtOGY4OC0zNDM2M2JjN2M0YzAiOnsiY3JlYXRlIjoxMjAwMDAwMDAwMDAwLCJkZWxldGUiOjYwMDAwMDAwMDAwMH0sInNjaGVtYV92ZXJzaW9uIjoiMSJ9",
          "dependencies": [
            "module.vpc.aws_vpc.new_vpc"
          ]
        }
      ]
    },
    {
      "module": "module.vpc",
      "mode": "managed",
      "type": "aws_security_group",
      "name": "worker",
      "provider": "provider.aws",
      "instances": [
        {
          "schema_version": 1,
          "attributes": {
            "arn": "arn:aws:ec2:us-east-2:524466471676:security-group/sg-00d397c12af378c8f",
            "description": "Managed by Terraform",
            "egress": [],
            "id": "sg-00d397c12af378c8f",
            "ingress": [],
            "name": "terraform-20210415230313748400000002",
            "name_prefix": null,
            "owner_id": "524466471676",
            "revoke_rules_on_delete": false,
            "tags": {
              "Name": "support-openshift-rwtsm-worker-sg",
              "kubernetes.io/cluster/support-openshift-rwtsm": "owned"
            },
            "timeouts": {
              "create": "20m",
              "delete": null
            },
            "vpc_id": "vpc-08d44401cdbd30452"
          },
          "private": "eyJlMmJmYjczMC1lY2FhLTExZTYtOGY4OC0zNDM2M2JjN2M0YzAiOnsiY3JlYXRlIjoxMjAwMDAwMDAwMDAwLCJkZWxldGUiOjYwMDAwMDAwMDAwMH0sInNjaGVtYV92ZXJzaW9uIjoiMSJ9",
          "dependencies": [
            "module.vpc.aws_vpc.new_vpc"
          ]
        }
      ]
    },
    {
      "module": "module.vpc",
      "mode": "managed",
      "type": "aws_security_group_rule",
      "name": "master_egress",
      "provider": "provider.aws",
      "instances": [
        {
          "schema_version": 2,
          "attributes": {
            "cidr_blocks": [
              "0.0.0.0/0"
            ],
            "description": null,
            "from_port": 0,
            "id": "sgrule-1392385187",
            "ipv6_cidr_blocks": null,
            "prefix_list_ids": null,
            "protocol": "-1",
            "security_group_id": "sg-07640434bc2e7af2b",
            "self": false,
            "source_security_group_id": null,
            "to_port": 0,
            "type": "egress"
          },
          "private": "eyJzY2hlbWFfdmVyc2lvbiI6IjIifQ==",
          "dependencies": [
            "module.vpc.aws_security_group.master",
            "module.vpc.aws_vpc.new_vpc"
          ]
        }
      ]
    },
    {
      "module": "module.vpc",
      "mode": "managed",
      "type": "aws_security_group_rule",
      "name": "master_ingress_esp",
      "provider": "provider.aws",
      "instances": [
        {
          "schema_version": 2,
          "attributes": {
            "cidr_blocks": null,
            "description": null,
            "from_port": 0,
            "id": "sgrule-206806738",
            "ipv6_cidr_blocks": null,
            "prefix_list_ids": null,
            "protocol": "50",
            "security_group_id": "sg-07640434bc2e7af2b",
            "self": true,
            "source_security_group_id": null,
            "to_port": 0,
            "type": "ingress"
          },
          "private": "eyJzY2hlbWFfdmVyc2lvbiI6IjIifQ==",
          "dependencies": [
            "module.vpc.aws_security_group.master",
            "module.vpc.aws_vpc.new_vpc"
          ]
        }
      ]
    },
    {
      "module": "module.vpc",
      "mode": "managed",
      "type": "aws_security_group_rule",
      "name": "master_ingress_esp_from_worker",
      "provider": "provider.aws",
      "instances": [
        {
          "schema_version": 2,
          "attributes": {
            "cidr_blocks": null,
            "description": null,
            "from_port": 0,
            "id": "sgrule-1593576333",
            "ipv6_cidr_blocks": null,
            "prefix_list_ids": null,
            "protocol": "50",
            "security_group_id": "sg-07640434bc2e7af2b",
            "self": false,
            "source_security_group_id": "sg-00d397c12af378c8f",
            "to_port": 0,
            "type": "ingress"
          },
          "private": "eyJzY2hlbWFfdmVyc2lvbiI6IjIifQ==",
          "dependencies": [
            "module.vpc.aws_security_group.master",
            "module.vpc.aws_security_group.worker",
            "module.vpc.aws_vpc.new_vpc"
          ]
        }
      ]
    },
    {
      "module": "module.vpc",
      "mode": "managed",
      "type": "aws_security_group_rule",
      "name": "master_ingress_etcd",
      "provider": "provider.aws",
      "instances": [
        {
          "schema_version": 2,
          "attributes": {
            "cidr_blocks": null,
            "description": null,
            "from_port": 2379,
            "id": "sgrule-2798243913",
            "ipv6_cidr_blocks": null,
            "prefix_list_ids": null,
            "protocol": "tcp",
            "security_group_id": "sg-07640434bc2e7af2b",
            "self": true,
            "source_security_group_id": null,
            "to_port": 2380,
            "type": "ingress"
          },
          "private": "eyJzY2hlbWFfdmVyc2lvbiI6IjIifQ==",
          "dependencies": [
            "module.vpc.aws_security_group.master",
            "module.vpc.aws_vpc.new_vpc"
          ]
        }
      ]
    },
    {
      "module": "module.vpc",
      "mode": "managed",
      "type": "aws_security_group_rule",
      "name": "master_ingress_geneve",
      "provider": "provider.aws",
      "instances": [
        {
          "schema_version": 2,
          "attributes": {
            "cidr_blocks": null,
            "description": null,
            "from_port": 6081,
            "id": "sgrule-2942455687",
            "ipv6_cidr_blocks": null,
            "prefix_list_ids": null,
            "protocol": "udp",
            "security_group_id": "sg-07640434bc2e7af2b",
            "self": true,
            "source_security_group_id": null,
            "to_port": 6081,
            "type": "ingress"
          },
          "private": "eyJzY2hlbWFfdmVyc2lvbiI6IjIifQ==",
          "dependencies": [
            "module.vpc.aws_security_group.master",
            "module.vpc.aws_vpc.new_vpc"
          ]
        }
      ]
    },
    {
      "module": "module.vpc",
      "mode": "managed",
      "type": "aws_security_group_rule",
      "name": "master_ingress_geneve_from_worker",
      "provider": "provider.aws",
      "instances": [
        {
          "schema_version": 2,
          "attributes": {
            "cidr_blocks": null,
            "description": null,
            "from_port": 6081,
            "id": "sgrule-4258126552",
            "ipv6_cidr_blocks": null,
            "prefix_list_ids": null,
            "protocol": "udp",
            "security_group_id": "sg-07640434bc2e7af2b",
            "self": false,
            "source_security_group_id": "sg-00d397c12af378c8f",
            "to_port": 6081,
            "type": "ingress"
          },
          "private": "eyJzY2hlbWFfdmVyc2lvbiI6IjIifQ==",
          "dependencies": [
            "module.vpc.aws_security_group.master",
            "module.vpc.aws_security_group.worker",
            "module.vpc.aws_vpc.new_vpc"
          ]
        }
      ]
    },
    {
      "module": "module.vpc",
      "mode": "managed",
      "type": "aws_security_group_rule",
      "name": "master_ingress_https",
      "provider": "provider.aws",
      "instances": [
        {
          "schema_version": 2,
          "attributes": {
            "cidr_blocks": [
              "10.0.0.0/16"
            ],
            "description": null,
            "from_port": 6443,
            "id": "sgrule-3882350007",
            "ipv6_cidr_blocks": null,
            "prefix_list_ids": null,
            "protocol": "tcp",
            "security_group_id": "sg-07640434bc2e7af2b",
            "self": false,
            "source_security_group_id": null,
            "to_port": 6443,
            "type": "ingress"
          },
          "private": "eyJzY2hlbWFfdmVyc2lvbiI6IjIifQ==",
          "dependencies": [
            "module.vpc.aws_security_group.master",
            "module.vpc.aws_vpc.new_vpc"
          ]
        }
      ]
    },
    {
      "module": "module.vpc",
      "mode": "managed",
      "type": "aws_security_group_rule",
      "name": "master_ingress_icmp",
      "provider": "provider.aws",
      "instances": [
        {
          "schema_version": 2,
          "attributes": {
            "cidr_blocks": [
              "10.0.0.0/16"
            ],
            "description": null,
            "from_port": -1,
            "id": "sgrule-1974815157",
            "ipv6_cidr_blocks": null,
            "prefix_list_ids": null,
            "protocol": "icmp",
            "security_group_id": "sg-07640434bc2e7af2b",
            "self": false,
            "source_security_group_id": null,
            "to_port": -1,
            "type": "ingress"
          },
          "private": "eyJzY2hlbWFfdmVyc2lvbiI6IjIifQ==",
          "dependencies": [
            "module.vpc.aws_security_group.master",
            "module.vpc.aws_vpc.new_vpc"
          ]
        }
      ]
    },
    {
      "module": "module.vpc",
      "mode": "managed",
      "type": "aws_security_group_rule",
      "name": "master_ingress_ike",
      "provider": "provider.aws",
      "instances": [
        {
          "schema_version": 2,
          "attributes": {
            "cidr_blocks": null,
            "description": null,
            "from_port": 500,
            "id": "sgrule-3376368262",
            "ipv6_cidr_blocks": null,
            "prefix_list_ids": null,
            "protocol": "udp",
            "security_group_id": "sg-07640434bc2e7af2b",
            "self": true,
            "source_security_group_id": null,
            "to_port": 500,
            "type": "ingress"
          },
          "private": "eyJzY2hlbWFfdmVyc2lvbiI6IjIifQ==",
          "dependencies": [
            "module.vpc.aws_security_group.master",
            "module.vpc.aws_vpc.new_vpc"
          ]
        }
      ]
    },
    {
      "module": "module.vpc",
      "mode": "managed",
      "type": "aws_security_group_rule",
      "name": "master_ingress_ike_from_worker",
      "provider": "provider.aws",
      "instances": [
        {
          "schema_version": 2,
          "attributes": {
            "cidr_blocks": null,
            "description": null,
            "from_port": 500,
            "id": "sgrule-2609962969",
            "ipv6_cidr_blocks": null,
            "prefix_list_ids": null,
            "protocol": "udp",
            "security_group_id": "sg-07640434bc2e7af2b",
            "self": false,
            "source_security_group_id": "sg-00d397c12af378c8f",
            "to_port": 500,
            "type": "ingress"
          },
          "private": "eyJzY2hlbWFfdmVyc2lvbiI6IjIifQ==",
          "dependencies": [
            "module.vpc.aws_security_group.master",
            "module.vpc.aws_security_group.worker",
            "module.vpc.aws_vpc.new_vpc"
          ]
        }
      ]
    },
    {
      "module": "module.vpc",
      "mode": "managed",
      "type": "aws_security_group_rule",
      "name": "master_ingress_ike_nat_t",
      "provider": "provider.aws",
      "instances": [
        {
          "schema_version": 2,
          "attributes": {
            "cidr_blocks": null,
            "description": null,
            "from_port": 4500,
            "id": "sgrule-2557468179",
            "ipv6_cidr_blocks": null,
            "prefix_list_ids": null,
            "protocol": "udp",
            "security_group_id": "sg-07640434bc2e7af2b",
            "self": true,
            "source_security_group_id": null,
            "to_port": 4500,
            "type": "ingress"
          },
          "private": "eyJzY2hlbWFfdmVyc2lvbiI6IjIifQ==",
          "dependencies": [
            "module.vpc.aws_security_group.master",
            "module.vpc.aws_vpc.new_vpc"
          ]
        }
      ]
    },
    {
      "module": "module.vpc",
      "mode": "managed",
      "type": "aws_security_group_rule",
      "name": "master_ingress_ike_nat_t_from_worker",
      "provider": "provider.aws",
      "instances": [
        {
          "schema_version": 2,
          "attributes": {
            "cidr_blocks": null,
            "description": null,
            "from_port": 4500,
            "id": "sgrule-3401599820",
            "ipv6_cidr_blocks": null,
            "prefix_list_ids": null,
            "protocol": "udp",
            "security_group_id": "sg-07640434bc2e7af2b",
            "self": false,
            "source_security_group_id": "sg-00d397c12af378c8f",
            "to_port": 4500,
            "type": "ingress"
          },
          "private": "eyJzY2hlbWFfdmVyc2lvbiI6IjIifQ==",
          "dependencies": [
            "module.vpc.aws_security_group.master",
            "module.vpc.aws_security_group.worker",
            "module.vpc.aws_vpc.new_vpc"
          ]
        }
      ]
    },
    {
      "module": "module.vpc",
      "mode": "managed",
      "type": "aws_security_group_rule",
      "name": "master_ingress_internal",
      "provider": "provider.aws",
      "instances": [
        {
          "schema_version": 2,
          "attributes": {
            "cidr_blocks": null,
            "description": null,
            "from_port": 9000,
            "id": "sgrule-1475733201",
            "ipv6_cidr_blocks": null,
            "prefix_list_ids": null,
            "protocol": "tcp",
            "security_group_id": "sg-07640434bc2e7af2b",
            "self": true,
            "source_security_group_id": null,
            "to_port": 9999,
            "type": "ingress"
          },
          "private": "eyJzY2hlbWFfdmVyc2lvbiI6IjIifQ==",
          "dependencies": [
            "module.vpc.aws_security_group.master",
            "module.vpc.aws_vpc.new_vpc"
          ]
        }
      ]
    },
    {
      "module": "module.vpc",
      "mode": "managed",
      "type": "aws_security_group_rule",
      "name": "master_ingress_internal_from_worker",
      "provider": "provider.aws",
      "instances": [
        {
          "schema_version": 2,
          "attributes": {
            "cidr_blocks": null,
            "description": null,
            "from_port": 9000,
            "id": "sgrule-89813902",
            "ipv6_cidr_blocks": null,
            "prefix_list_ids": null,
            "protocol": "tcp",
            "security_group_id": "sg-07640434bc2e7af2b",
            "self": false,
            "source_security_group_id": "sg-00d397c12af378c8f",
            "to_port": 9999,
            "type": "ingress"
          },
          "private": "eyJzY2hlbWFfdmVyc2lvbiI6IjIifQ==",
          "dependencies": [
            "module.vpc.aws_security_group.master",
            "module.vpc.aws_security_group.worker",
            "module.vpc.aws_vpc.new_vpc"
          ]
        }
      ]
    },
    {
      "module": "module.vpc",
      "mode": "managed",
      "type": "aws_security_group_rule",
      "name": "master_ingress_internal_from_worker_udp",
      "provider": "provider.aws",
      "instances": [
        {
          "schema_version": 2,
          "attributes": {
            "cidr_blocks": null,
            "description": null,
            "from_port": 9000,
            "id": "sgrule-2701512801",
            "ipv6_cidr_blocks": null,
            "prefix_list_ids": null,
            "protocol": "udp",
            "security_group_id": "sg-07640434bc2e7af2b",
            "self": false,
            "source_security_group_id": "sg-00d397c12af378c8f",
            "to_port": 9999,
            "type": "ingress"
          },
          "private": "eyJzY2hlbWFfdmVyc2lvbiI6IjIifQ==",
          "dependencies": [
            "module.vpc.aws_security_group.master",
            "module.vpc.aws_security_group.worker",
            "module.vpc.aws_vpc.new_vpc"
          ]
        }
      ]
    },
    {
      "module": "module.vpc",
      "mode": "managed",
      "type": "aws_security_group_rule",
      "name": "master_ingress_internal_udp",
      "provider": "provider.aws",
      "instances": [
        {
          "schema_version": 2,
          "attributes": {
            "cidr_blocks": null,
            "description": null,
            "from_port": 9000,
            "id": "sgrule-4088022334",
            "ipv6_cidr_blocks": null,
            "prefix_list_ids": null,
            "protocol": "udp",
            "security_group_id": "sg-07640434bc2e7af2b",
            "self": true,
            "source_security_group_id": null,
            "to_port": 9999,
            "type": "ingress"
          },
          "private": "eyJzY2hlbWFfdmVyc2lvbiI6IjIifQ==",
          "dependencies": [
            "module.vpc.aws_security_group.master",
            "module.vpc.aws_vpc.new_vpc"
          ]
        }
      ]
    },
    {
      "module": "module.vpc",
      "mode": "managed",
      "type": "aws_security_group_rule",
      "name": "master_ingress_kube_controller_manager",
      "provider": "provider.aws",
      "instances": [
        {
          "schema_version": 2,
          "attributes": {
            "cidr_blocks": null,
            "description": null,
            "from_port": 10257,
            "id": "sgrule-751261621",
            "ipv6_cidr_blocks": null,
            "prefix_list_ids": null,
            "protocol": "tcp",
            "security_group_id": "sg-07640434bc2e7af2b",
            "self": true,
            "source_security_group_id": null,
            "to_port": 10257,
            "type": "ingress"
          },
          "private": "eyJzY2hlbWFfdmVyc2lvbiI6IjIifQ==",
          "dependencies": [
            "module.vpc.aws_security_group.master",
            "module.vpc.aws_vpc.new_vpc"
          ]
        }
      ]
    },
    {
      "module": "module.vpc",
      "mode": "managed",
      "type": "aws_security_group_rule",
      "name": "master_ingress_kube_controller_manager_from_worker",
      "provider": "provider.aws",
      "instances": [
        {
          "schema_version": 2,
          "attributes": {
            "cidr_blocks": null,
            "description": null,
            "from_port": 10257,
            "id": "sgrule-2120794858",
            "ipv6_cidr_blocks": null,
            "prefix_list_ids": null,
            "protocol": "tcp",
            "security_group_id": "sg-07640434bc2e7af2b",
            "self": false,
            "source_security_group_id": "sg-00d397c12af378c8f",
            "to_port": 10257,
            "type": "ingress"
          },
          "private": "eyJzY2hlbWFfdmVyc2lvbiI6IjIifQ==",
          "dependencies": [
            "module.vpc.aws_security_group.master",
            "module.vpc.aws_security_group.worker",
            "module.vpc.aws_vpc.new_vpc"
          ]
        }
      ]
    },
    {
      "module": "module.vpc",
      "mode": "managed",
      "type": "aws_security_group_rule",
      "name": "master_ingress_kube_scheduler",
      "provider": "provider.aws",
      "instances": [
        {
          "schema_version": 2,
          "attributes": {
            "cidr_blocks": null,
            "description": null,
            "from_port": 10259,
            "id": "sgrule-3964351286",
            "ipv6_cidr_blocks": null,
            "prefix_list_ids": null,
            "protocol": "tcp",
            "security_group_id": "sg-07640434bc2e7af2b",
            "self": true,
            "source_security_group_id": null,
            "to_port": 10259,
            "type": "ingress"
          },
          "private": "eyJzY2hlbWFfdmVyc2lvbiI6IjIifQ==",
          "dependencies": [
            "module.vpc.aws_security_group.master",
            "module.vpc.aws_vpc.new_vpc"
          ]
        }
      ]
    },
    {
      "module": "module.vpc",
      "mode": "managed",
      "type": "aws_security_group_rule",
      "name": "master_ingress_kube_scheduler_from_worker",
      "provider": "provider.aws",
      "instances": [
        {
          "schema_version": 2,
          "attributes": {
            "cidr_blocks": null,
            "description": null,
            "from_port": 10259,
            "id": "sgrule-3202655849",
            "ipv6_cidr_blocks": null,
            "prefix_list_ids": null,
            "protocol": "tcp",
            "security_group_id": "sg-07640434bc2e7af2b",
            "self": false,
            "source_security_group_id": "sg-00d397c12af378c8f",
            "to_port": 10259,
            "type": "ingress"
          },
          "private": "eyJzY2hlbWFfdmVyc2lvbiI6IjIifQ==",
          "dependencies": [
            "module.vpc.aws_security_group.master",
            "module.vpc.aws_security_group.worker",
            "module.vpc.aws_vpc.new_vpc"
          ]
        }
      ]
    },
    {
      "module": "module.vpc",
      "mode": "managed",
      "type": "aws_security_group_rule",
      "name": "master_ingress_kubelet_secure",
      "provider": "provider.aws",
      "instances": [
        {
          "schema_version": 2,
          "attributes": {
            "cidr_blocks": null,
            "description": null,
            "from_port": 10250,
            "id": "sgrule-2704926420",
            "ipv6_cidr_blocks": null,
            "prefix_list_ids": null,
            "protocol": "tcp",
            "security_group_id": "sg-07640434bc2e7af2b",
            "self": true,
            "source_security_group_id": null,
            "to_port": 10250,
            "type": "ingress"
          },
          "private": "eyJzY2hlbWFfdmVyc2lvbiI6IjIifQ==",
          "dependencies": [
            "module.vpc.aws_security_group.master",
            "module.vpc.aws_vpc.new_vpc"
          ]
        }
      ]
    },
    {
      "module": "module.vpc",
      "mode": "managed",
      "type": "aws_security_group_rule",
      "name": "master_ingress_kubelet_secure_from_worker",
      "provider": "provider.aws",
      "instances": [
        {
          "schema_version": 2,
          "attributes": {
            "cidr_blocks": null,
            "description": null,
            "from_port": 10250,
            "id": "sgrule-4086723467",
            "ipv6_cidr_blocks": null,
            "prefix_list_ids": null,
            "protocol": "tcp",
            "security_group_id": "sg-07640434bc2e7af2b",
            "self": false,
            "source_security_group_id": "sg-00d397c12af378c8f",
            "to_port": 10250,
            "type": "ingress"
          },
          "private": "eyJzY2hlbWFfdmVyc2lvbiI6IjIifQ==",
          "dependencies": [
            "module.vpc.aws_security_group.master",
            "module.vpc.aws_security_group.worker",
            "module.vpc.aws_vpc.new_vpc"
          ]
        }
      ]
    },
    {
      "module": "module.vpc",
      "mode": "managed",
      "type": "aws_security_group_rule",
      "name": "master_ingress_ovndb",
      "provider": "provider.aws",
      "instances": [
        {
          "schema_version": 2,
          "attributes": {
            "cidr_blocks": null,
            "description": null,
            "from_port": 6641,
            "id": "sgrule-4010766606",
            "ipv6_cidr_blocks": null,
            "prefix_list_ids": null,
            "protocol": "tcp",
            "security_group_id": "sg-07640434bc2e7af2b",
            "self": true,
            "source_security_group_id": null,
            "to_port": 6642,
            "type": "ingress"
          },
          "private": "eyJzY2hlbWFfdmVyc2lvbiI6IjIifQ==",
          "dependencies": [
            "module.vpc.aws_security_group.master",
            "module.vpc.aws_vpc.new_vpc"
          ]
        }
      ]
    },
    {
      "module": "module.vpc",
      "mode": "managed",
      "type": "aws_security_group_rule",
      "name": "master_ingress_ovndb_from_worker",
      "provider": "provider.aws",
      "instances": [
        {
          "schema_version": 2,
          "attributes": {
            "cidr_blocks": null,
            "description": null,
            "from_port": 6641,
            "id": "sgrule-3181438033",
            "ipv6_cidr_blocks": null,
            "prefix_list_ids": null,
            "protocol": "tcp",
            "security_group_id": "sg-07640434bc2e7af2b",
            "self": false,
            "source_security_group_id": "sg-00d397c12af378c8f",
            "to_port": 6642,
            "type": "ingress"
          },
          "private": "eyJzY2hlbWFfdmVyc2lvbiI6IjIifQ==",
          "dependencies": [
            "module.vpc.aws_security_group.master",
            "module.vpc.aws_security_group.worker",
            "module.vpc.aws_vpc.new_vpc"
          ]
        }
      ]
    },
    {
      "module": "module.vpc",
      "mode": "managed",
      "type": "aws_security_group_rule",
      "name": "master_ingress_services_tcp",
      "provider": "provider.aws",
      "instances": [
        {
          "schema_version": 2,
          "attributes": {
            "cidr_blocks": null,
            "description": null,
            "from_port": 30000,
            "id": "sgrule-1121231709",
            "ipv6_cidr_blocks": null,
            "prefix_list_ids": null,
            "protocol": "tcp",
            "security_group_id": "sg-07640434bc2e7af2b",
            "self": true,
            "source_security_group_id": null,
            "to_port": 32767,
            "type": "ingress"
          },
          "private": "eyJzY2hlbWFfdmVyc2lvbiI6IjIifQ==",
          "dependencies": [
            "module.vpc.aws_security_group.master",
            "module.vpc.aws_vpc.new_vpc"
          ]
        }
      ]
    },
    {
      "module": "module.vpc",
      "mode": "managed",
      "type": "aws_security_group_rule",
      "name": "master_ingress_services_tcp_from_worker",
      "provider": "provider.aws",
      "instances": [
        {
          "schema_version": 2,
          "attributes": {
            "cidr_blocks": null,
            "description": null,
            "from_port": 30000,
            "id": "sgrule-276510210",
            "ipv6_cidr_blocks": null,
            "prefix_list_ids": null,
            "protocol": "tcp",
            "security_group_id": "sg-07640434bc2e7af2b",
            "self": false,
            "source_security_group_id": "sg-00d397c12af378c8f",
            "to_port": 32767,
            "type": "ingress"
          },
          "private": "eyJzY2hlbWFfdmVyc2lvbiI6IjIifQ==",
          "dependencies": [
            "module.vpc.aws_security_group.master",
            "module.vpc.aws_security_group.worker",
            "module.vpc.aws_vpc.new_vpc"
          ]
        }
      ]
    },
    {
      "module": "module.vpc",
      "mode": "managed",
      "type": "aws_security_group_rule",
      "name": "master_ingress_services_udp",
      "provider": "provider.aws",
      "instances": [
        {
          "schema_version": 2,
          "attributes": {
            "cidr_blocks": null,
            "description": null,
            "from_port": 30000,
            "id": "sgrule-3867869362",
            "ipv6_cidr_blocks": null,
            "prefix_list_ids": null,
            "protocol": "udp",
            "security_group_id": "sg-07640434bc2e7af2b",
            "self": true,
            "source_security_group_id": null,
            "to_port": 32767,
            "type": "ingress"
          },
          "private": "eyJzY2hlbWFfdmVyc2lvbiI6IjIifQ==",
          "dependencies": [
            "module.vpc.aws_security_group.master",
            "module.vpc.aws_vpc.new_vpc"
          ]
        }
      ]
    },
    {
      "module": "module.vpc",
      "mode": "managed",
      "type": "aws_security_group_rule",
      "name": "master_ingress_services_udp_from_worker",
      "provider": "provider.aws",
      "instances": [
        {
          "schema_version": 2,
          "attributes": {
            "cidr_blocks": null,
            "description": null,
            "from_port": 30000,
            "id": "sgrule-3022296557",
            "ipv6_cidr_blocks": null,
            "prefix_list_ids": null,
            "protocol": "udp",
            "security_group_id": "sg-07640434bc2e7af2b",
            "self": false,
            "source_security_group_id": "sg-00d397c12af378c8f",
            "to_port": 32767,
            "type": "ingress"
          },
          "private": "eyJzY2hlbWFfdmVyc2lvbiI6IjIifQ==",
          "dependencies": [
            "module.vpc.aws_security_group.master",
            "module.vpc.aws_security_group.worker",
            "module.vpc.aws_vpc.new_vpc"
          ]
        }
      ]
    },
    {
      "module": "module.vpc",
      "mode": "managed",
      "type": "aws_security_group_rule",
      "name": "master_ingress_ssh",
      "provider": "provider.aws",
      "instances": [
        {
          "schema_version": 2,
          "attributes": {
            "cidr_blocks": [
              "10.0.0.0/16"
            ],
            "description": null,
            "from_port": 22,
            "id": "sgrule-3103473687",
            "ipv6_cidr_blocks": null,
            "prefix_list_ids": null,
            "protocol": "tcp",
            "security_group_id": "sg-07640434bc2e7af2b",
            "self": false,
            "source_security_group_id": null,
            "to_port": 22,
            "type": "ingress"
          },
          "private": "eyJzY2hlbWFfdmVyc2lvbiI6IjIifQ==",
          "dependencies": [
            "module.vpc.aws_security_group.master",
            "module.vpc.aws_vpc.new_vpc"
          ]
        }
      ]
    },
    {
      "module": "module.vpc",
      "mode": "managed",
      "type": "aws_security_group_rule",
      "name": "master_ingress_vxlan",
      "provider": "provider.aws",
      "instances": [
        {
          "schema_version": 2,
          "attributes": {
            "cidr_blocks": null,
            "description": null,
            "from_port": 4789,
            "id": "sgrule-598359743",
            "ipv6_cidr_blocks": null,
            "prefix_list_ids": null,
            "protocol": "udp",
            "security_group_id": "sg-07640434bc2e7af2b",
            "self": true,
            "source_security_group_id": null,
            "to_port": 4789,
            "type": "ingress"
          },
          "private": "eyJzY2hlbWFfdmVyc2lvbiI6IjIifQ==",
          "dependencies": [
            "module.vpc.aws_security_group.master",
            "module.vpc.aws_vpc.new_vpc"
          ]
        }
      ]
    },
    {
      "module": "module.vpc",
      "mode": "managed",
      "type": "aws_security_group_rule",
      "name": "master_ingress_vxlan_from_worker",
      "provider": "provider.aws",
      "instances": [
        {
          "schema_version": 2,
          "attributes": {
            "cidr_blocks": null,
            "description": null,
            "from_port": 4789,
            "id": "sgrule-1896197088",
            "ipv6_cidr_blocks": null,
            "prefix_list_ids": null,
            "protocol": "udp",
            "security_group_id": "sg-07640434bc2e7af2b",
            "self": false,
            "source_security_group_id": "sg-00d397c12af378c8f",
            "to_port": 4789,
            "type": "ingress"
          },
          "private": "eyJzY2hlbWFfdmVyc2lvbiI6IjIifQ==",
          "dependencies": [
            "module.vpc.aws_security_group.master",
            "module.vpc.aws_security_group.worker",
            "module.vpc.aws_vpc.new_vpc"
          ]
        }
      ]
    },
    {
      "module": "module.vpc",
      "mode": "managed",
      "type": "aws_security_group_rule",
      "name": "master_mcs",
      "provider": "provider.aws",
      "instances": [
        {
          "schema_version": 2,
          "attributes": {
            "cidr_blocks": [
              "10.0.0.0/16"
            ],
            "description": null,
            "from_port": 22623,
            "id": "sgrule-3090504740",
            "ipv6_cidr_blocks": null,
            "prefix_list_ids": null,
            "protocol": "tcp",
            "security_group_id": "sg-07640434bc2e7af2b",
            "self": false,
            "source_security_group_id": null,
            "to_port": 22623,
            "type": "ingress"
          },
          "private": "eyJzY2hlbWFfdmVyc2lvbiI6IjIifQ==",
          "dependencies": [
            "module.vpc.aws_security_group.master",
            "module.vpc.aws_vpc.new_vpc"
          ]
        }
      ]
    },
    {
      "module": "module.vpc",
      "mode": "managed",
      "type": "aws_security_group_rule",
      "name": "worker_egress",
      "provider": "provider.aws",
      "instances": [
        {
          "schema_version": 2,
          "attributes": {
            "cidr_blocks": [
              "0.0.0.0/0"
            ],
            "description": null,
            "from_port": 0,
            "id": "sgrule-911057393",
            "ipv6_cidr_blocks": null,
            "prefix_list_ids": null,
            "protocol": "-1",
            "security_group_id": "sg-00d397c12af378c8f",
            "self": false,
            "source_security_group_id": null,
            "to_port": 0,
            "type": "egress"
          },
          "private": "eyJzY2hlbWFfdmVyc2lvbiI6IjIifQ==",
          "dependencies": [
            "module.vpc.aws_security_group.worker",
            "module.vpc.aws_vpc.new_vpc"
          ]
        }
      ]
    },
    {
      "module": "module.vpc",
      "mode": "managed",
      "type": "aws_security_group_rule",
      "name": "worker_ingress_esp",
      "provider": "provider.aws",
      "instances": [
        {
          "schema_version": 2,
          "attributes": {
            "cidr_blocks": null,
            "description": null,
            "from_port": 0,
            "id": "sgrule-3272502581",
            "ipv6_cidr_blocks": null,
            "prefix_list_ids": null,
            "protocol": "50",
            "security_group_id": "sg-00d397c12af378c8f",
            "self": true,
            "source_security_group_id": null,
            "to_port": 0,
            "type": "ingress"
          },
          "private": "eyJzY2hlbWFfdmVyc2lvbiI6IjIifQ==",
          "dependencies": [
            "module.vpc.aws_security_group.worker",
            "module.vpc.aws_vpc.new_vpc"
          ]
        }
      ]
    },
    {
      "module": "module.vpc",
      "mode": "managed",
      "type": "aws_security_group_rule",
      "name": "worker_ingress_esp_from_master",
      "provider": "provider.aws",
      "instances": [
        {
          "schema_version": 2,
          "attributes": {
            "cidr_blocks": null,
            "description": null,
            "from_port": 0,
            "id": "sgrule-2443311210",
            "ipv6_cidr_blocks": null,
            "prefix_list_ids": null,
            "protocol": "50",
            "security_group_id": "sg-00d397c12af378c8f",
            "self": false,
            "source_security_group_id": "sg-07640434bc2e7af2b",
            "to_port": 0,
            "type": "ingress"
          },
          "private": "eyJzY2hlbWFfdmVyc2lvbiI6IjIifQ==",
          "dependencies": [
            "module.vpc.aws_security_group.master",
            "module.vpc.aws_security_group.worker",
            "module.vpc.aws_vpc.new_vpc"
          ]
        }
      ]
    },
    {
      "module": "module.vpc",
      "mode": "managed",
      "type": "aws_security_group_rule",
      "name": "worker_ingress_geneve",
      "provider": "provider.aws",
      "instances": [
        {
          "schema_version": 2,
          "attributes": {
            "cidr_blocks": null,
            "description": null,
            "from_port": 6081,
            "id": "sgrule-3371793173",
            "ipv6_cidr_blocks": null,
            "prefix_list_ids": null,
            "protocol": "udp",
            "security_group_id": "sg-00d397c12af378c8f",
            "self": true,
            "source_security_group_id": null,
            "to_port": 6081,
            "type": "ingress"
          },
          "private": "eyJzY2hlbWFfdmVyc2lvbiI6IjIifQ==",
          "dependencies": [
            "module.vpc.aws_security_group.worker",
            "module.vpc.aws_vpc.new_vpc"
          ]
        }
      ]
    },
    {
      "module": "module.vpc",
      "mode": "managed",
      "type": "aws_security_group_rule",
      "name": "worker_ingress_geneve_from_master",
      "provider": "provider.aws",
      "instances": [
        {
          "schema_version": 2,
          "attributes": {
            "cidr_blocks": null,
            "description": null,
            "from_port": 6081,
            "id": "sgrule-2589388362",
            "ipv6_cidr_blocks": null,
            "prefix_list_ids": null,
            "protocol": "udp",
            "security_group_id": "sg-00d397c12af378c8f",
            "self": false,
            "source_security_group_id": "sg-07640434bc2e7af2b",
            "to_port": 6081,
            "type": "ingress"
          },
          "private": "eyJzY2hlbWFfdmVyc2lvbiI6IjIifQ==",
          "dependencies": [
            "module.vpc.aws_security_group.master",
            "module.vpc.aws_security_group.worker",
            "module.vpc.aws_vpc.new_vpc"
          ]
        }
      ]
    },
    {
      "module": "module.vpc",
      "mode": "managed",
      "type": "aws_security_group_rule",
      "name": "worker_ingress_icmp",
      "provider": "provider.aws",
      "instances": [
        {
          "schema_version": 2,
          "attributes": {
            "cidr_blocks": [
              "10.0.0.0/16"
            ],
            "description": null,
            "from_port": -1,
            "id": "sgrule-519548339",
            "ipv6_cidr_blocks": null,
            "prefix_list_ids": null,
            "protocol": "icmp",
            "security_group_id": "sg-00d397c12af378c8f",
            "self": false,
            "source_security_group_id": null,
            "to_port": -1,
            "type": "ingress"
          },
          "private": "eyJzY2hlbWFfdmVyc2lvbiI6IjIifQ==",
          "dependencies": [
            "module.vpc.aws_security_group.worker",
            "module.vpc.aws_vpc.new_vpc"
          ]
        }
      ]
    },
    {
      "module": "module.vpc",
      "mode": "managed",
      "type": "aws_security_group_rule",
      "name": "worker_ingress_ike",
      "provider": "provider.aws",
      "instances": [
        {
          "schema_version": 2,
          "attributes": {
            "cidr_blocks": null,
            "description": null,
            "from_port": 500,
            "id": "sgrule-749812237",
            "ipv6_cidr_blocks": null,
            "prefix_list_ids": null,
            "protocol": "udp",
            "security_group_id": "sg-00d397c12af378c8f",
            "self": true,
            "source_security_group_id": null,
            "to_port": 500,
            "type": "ingress"
          },
          "private": "eyJzY2hlbWFfdmVyc2lvbiI6IjIifQ==",
          "dependencies": [
            "module.vpc.aws_security_group.worker",
            "module.vpc.aws_vpc.new_vpc"
          ]
        }
      ]
    },
    {
      "module": "module.vpc",
      "mode": "managed",
      "type": "aws_security_group_rule",
      "name": "worker_ingress_ike_from_master",
      "provider": "provider.aws",
      "instances": [
        {
          "schema_version": 2,
          "attributes": {
            "cidr_blocks": null,
            "description": null,
            "from_port": 500,
            "id": "sgrule-2115940178",
            "ipv6_cidr_blocks": null,
            "prefix_list_ids": null,
            "protocol": "udp",
            "security_group_id": "sg-00d397c12af378c8f",
            "self": false,
            "source_security_group_id": "sg-07640434bc2e7af2b",
            "to_port": 500,
            "type": "ingress"
          },
          "private": "eyJzY2hlbWFfdmVyc2lvbiI6IjIifQ==",
          "dependencies": [
            "module.vpc.aws_security_group.master",
            "module.vpc.aws_security_group.worker",
            "module.vpc.aws_vpc.new_vpc"
          ]
        }
      ]
    },
    {
      "module": "module.vpc",
      "mode": "managed",
      "type": "aws_security_group_rule",
      "name": "worker_ingress_ike_nat_t",
      "provider": "provider.aws",
      "instances": [
        {
          "schema_version": 2,
          "attributes": {
            "cidr_blocks": null,
            "description": null,
            "from_port": 4500,
            "id": "sgrule-4294240897",
            "ipv6_cidr_blocks": null,
            "prefix_list_ids": null,
            "protocol": "udp",
            "security_group_id": "sg-00d397c12af378c8f",
            "self": true,
            "source_security_group_id": null,
            "to_port": 4500,
            "type": "ingress"
          },
          "private": "eyJzY2hlbWFfdmVyc2lvbiI6IjIifQ==",
          "dependencies": [
            "module.vpc.aws_security_group.worker",
            "module.vpc.aws_vpc.new_vpc"
          ]
        }
      ]
    },
    {
      "module": "module.vpc",
      "mode": "managed",
      "type": "aws_security_group_rule",
      "name": "worker_ingress_internal",
      "provider": "provider.aws",
      "instances": [
        {
          "schema_version": 2,
          "attributes": {
            "cidr_blocks": null,
            "description": null,
            "from_port": 9000,
            "id": "sgrule-812569155",
            "ipv6_cidr_blocks": null,
            "prefix_list_ids": null,
            "protocol": "tcp",
            "security_group_id": "sg-00d397c12af378c8f",
            "self": true,
            "source_security_group_id": null,
            "to_port": 9999,
            "type": "ingress"
          },
          "private": "eyJzY2hlbWFfdmVyc2lvbiI6IjIifQ==",
          "dependencies": [
            "module.vpc.aws_security_group.worker",
            "module.vpc.aws_vpc.new_vpc"
          ]
        }
      ]
    },
    {
      "module": "module.vpc",
      "mode": "managed",
      "type": "aws_security_group_rule",
      "name": "worker_ingress_internal_from_master",
      "provider": "provider.aws",
      "instances": [
        {
          "schema_version": 2,
          "attributes": {
            "cidr_blocks": null,
            "description": null,
            "from_port": 9000,
            "id": "sgrule-1656833820",
            "ipv6_cidr_blocks": null,
            "prefix_list_ids": null,
            "protocol": "tcp",
            "security_group_id": "sg-00d397c12af378c8f",
            "self": false,
            "source_security_group_id": "sg-07640434bc2e7af2b",
            "to_port": 9999,
            "type": "ingress"
          },
          "private": "eyJzY2hlbWFfdmVyc2lvbiI6IjIifQ==",
          "dependencies": [
            "module.vpc.aws_security_group.master",
            "module.vpc.aws_security_group.worker",
            "module.vpc.aws_vpc.new_vpc"
          ]
        }
      ]
    },
    {
      "module": "module.vpc",
      "mode": "managed",
      "type": "aws_security_group_rule",
      "name": "worker_ingress_internal_from_master_udp",
      "provider": "provider.aws",
      "instances": [
        {
          "schema_version": 2,
          "attributes": {
            "cidr_blocks": null,
            "description": null,
            "from_port": 9000,
            "id": "sgrule-3332302067",
            "ipv6_cidr_blocks": null,
            "prefix_list_ids": null,
            "protocol": "udp",
            "security_group_id": "sg-00d397c12af378c8f",
            "self": false,
            "source_security_group_id": "sg-07640434bc2e7af2b",
            "to_port": 9999,
            "type": "ingress"
          },
          "private": "eyJzY2hlbWFfdmVyc2lvbiI6IjIifQ==",
          "dependencies": [
            "module.vpc.aws_security_group.master",
            "module.vpc.aws_security_group.worker",
            "module.vpc.aws_vpc.new_vpc"
          ]
        }
      ]
    },
    {
      "module": "module.vpc",
      "mode": "managed",
      "type": "aws_security_group_rule",
      "name": "worker_ingress_internal_udp",
      "provider": "provider.aws",
      "instances": [
        {
          "schema_version": 2,
          "attributes": {
            "cidr_blocks": null,
            "description": null,
            "from_port": 9000,
            "id": "sgrule-2486268332",
            "ipv6_cidr_blocks": null,
            "prefix_list_ids": null,
            "protocol": "udp",
            "security_group_id": "sg-00d397c12af378c8f",
            "self": true,
            "source_security_group_id": null,
            "to_port": 9999,
            "type": "ingress"
          },
          "private": "eyJzY2hlbWFfdmVyc2lvbiI6IjIifQ==",
          "dependencies": [
            "module.vpc.aws_security_group.worker",
            "module.vpc.aws_vpc.new_vpc"
          ]
        }
      ]
    },
    {
      "module": "module.vpc",
      "mode": "managed",
      "type": "aws_security_group_rule",
      "name": "worker_ingress_kubelet_insecure",
      "provider": "provider.aws",
      "instances": [
        {
          "schema_version": 2,
          "attributes": {
            "cidr_blocks": null,
            "description": null,
            "from_port": 10250,
            "id": "sgrule-739474626",
            "ipv6_cidr_blocks": null,
            "prefix_list_ids": null,
            "protocol": "tcp",
            "security_group_id": "sg-00d397c12af378c8f",
            "self": true,
            "source_security_group_id": null,
            "to_port": 10250,
            "type": "ingress"
          },
          "private": "eyJzY2hlbWFfdmVyc2lvbiI6IjIifQ==",
          "dependencies": [
            "module.vpc.aws_security_group.worker",
            "module.vpc.aws_vpc.new_vpc"
          ]
        }
      ]
    },
    {
      "module": "module.vpc",
      "mode": "managed",
      "type": "aws_security_group_rule",
      "name": "worker_ingress_kubelet_insecure_from_master",
      "provider": "provider.aws",
      "instances": [
        {
          "schema_version": 2,
          "attributes": {
            "cidr_blocks": null,
            "description": null,
            "from_port": 10250,
            "id": "sgrule-2126309789",
            "ipv6_cidr_blocks": null,
            "prefix_list_ids": null,
            "protocol": "tcp",
            "security_group_id": "sg-00d397c12af378c8f",
            "self": false,
            "source_security_group_id": "sg-07640434bc2e7af2b",
            "to_port": 10250,
            "type": "ingress"
          },
          "private": "eyJzY2hlbWFfdmVyc2lvbiI6IjIifQ==",
          "dependencies": [
            "module.vpc.aws_security_group.master",
            "module.vpc.aws_security_group.worker",
            "module.vpc.aws_vpc.new_vpc"
          ]
        }
      ]
    },
    {
      "module": "module.vpc",
      "mode": "managed",
      "type": "aws_security_group_rule",
      "name": "worker_ingress_nat_t_from_master",
      "provider": "provider.aws",
      "instances": [
        {
          "schema_version": 2,
          "attributes": {
            "cidr_blocks": null,
            "description": null,
            "from_port": 4500,
            "id": "sgrule-2908454878",
            "ipv6_cidr_blocks": null,
            "prefix_list_ids": null,
            "protocol": "udp",
            "security_group_id": "sg-00d397c12af378c8f",
            "self": false,
            "source_security_group_id": "sg-07640434bc2e7af2b",
            "to_port": 4500,
            "type": "ingress"
          },
          "private": "eyJzY2hlbWFfdmVyc2lvbiI6IjIifQ==",
          "dependencies": [
            "module.vpc.aws_security_group.master",
            "module.vpc.aws_security_group.worker",
            "module.vpc.aws_vpc.new_vpc"
          ]
        }
      ]
    },
    {
      "module": "module.vpc",
      "mode": "managed",
      "type": "aws_security_group_rule",
      "name": "worker_ingress_services_tcp",
      "provider": "provider.aws",
      "instances": [
        {
          "schema_version": 2,
          "attributes": {
            "cidr_blocks": null,
            "description": null,
            "from_port": 30000,
            "id": "sgrule-3489544523",
            "ipv6_cidr_blocks": null,
            "prefix_list_ids": null,
            "protocol": "tcp",
            "security_group_id": "sg-00d397c12af378c8f",
            "self": true,
            "source_security_group_id": null,
            "to_port": 32767,
            "type": "ingress"
          },
          "private": "eyJzY2hlbWFfdmVyc2lvbiI6IjIifQ==",
          "dependencies": [
            "module.vpc.aws_security_group.worker",
            "module.vpc.aws_vpc.new_vpc"
          ]
        }
      ]
    },
    {
      "module": "module.vpc",
      "mode": "managed",
      "type": "aws_security_group_rule",
      "name": "worker_ingress_services_tcp_from_master",
      "provider": "provider.aws",
      "instances": [
        {
          "schema_version": 2,
          "attributes": {
            "cidr_blocks": null,
            "description": null,
            "from_port": 30000,
            "id": "sgrule-2639375380",
            "ipv6_cidr_blocks": null,
            "prefix_list_ids": null,
            "protocol": "tcp",
            "security_group_id": "sg-00d397c12af378c8f",
            "self": false,
            "source_security_group_id": "sg-07640434bc2e7af2b",
            "to_port": 32767,
            "type": "ingress"
          },
          "private": "eyJzY2hlbWFfdmVyc2lvbiI6IjIifQ==",
          "dependencies": [
            "module.vpc.aws_security_group.master",
            "module.vpc.aws_security_group.worker",
            "module.vpc.aws_vpc.new_vpc"
          ]
        }
      ]
    },
    {
      "module": "module.vpc",
      "mode": "managed",
      "type": "aws_security_group_rule",
      "name": "worker_ingress_services_udp",
      "provider": "provider.aws",
      "instances": [
        {
          "schema_version": 2,
          "attributes": {
            "cidr_blocks": null,
            "description": null,
            "from_port": 30000,
            "id": "sgrule-1805752996",
            "ipv6_cidr_blocks": null,
            "prefix_list_ids": null,
            "protocol": "udp",
            "security_group_id": "sg-00d397c12af378c8f",
            "self": true,
            "source_security_group_id": null,
            "to_port": 32767,
            "type": "ingress"
          },
          "private": "eyJzY2hlbWFfdmVyc2lvbiI6IjIifQ==",
          "dependencies": [
            "module.vpc.aws_security_group.worker",
            "module.vpc.aws_vpc.new_vpc"
          ]
        }
      ]
    },
    {
      "module": "module.vpc",
      "mode": "managed",
      "type": "aws_security_group_rule",
      "name": "worker_ingress_services_udp_from_master",
      "provider": "provider.aws",
      "instances": [
        {
          "schema_version": 2,
          "attributes": {
            "cidr_blocks": null,
            "description": null,
            "from_port": 30000,
            "id": "sgrule-957222907",
            "ipv6_cidr_blocks": null,
            "prefix_list_ids": null,
            "protocol": "udp",
            "security_group_id": "sg-00d397c12af378c8f",
            "self": false,
            "source_security_group_id": "sg-07640434bc2e7af2b",
            "to_port": 32767,
            "type": "ingress"
          },
          "private": "eyJzY2hlbWFfdmVyc2lvbiI6IjIifQ==",
          "dependencies": [
            "module.vpc.aws_security_group.master",
            "module.vpc.aws_security_group.worker",
            "module.vpc.aws_vpc.new_vpc"
          ]
        }
      ]
    },
    {
      "module": "module.vpc",
      "mode": "managed",
      "type": "aws_security_group_rule",
      "name": "worker_ingress_ssh",
      "provider": "provider.aws",
      "instances": [
        {
          "schema_version": 2,
          "attributes": {
            "cidr_blocks": [
              "10.0.0.0/16"
            ],
            "description": null,
            "from_port": 22,
            "id": "sgrule-2612103194",
            "ipv6_cidr_blocks": null,
            "prefix_list_ids": null,
            "protocol": "tcp",
            "security_group_id": "sg-00d397c12af378c8f",
            "self": false,
            "source_security_group_id": null,
            "to_port": 22,
            "type": "ingress"
          },
          "private": "eyJzY2hlbWFfdmVyc2lvbiI6IjIifQ==",
          "dependencies": [
            "module.vpc.aws_security_group.worker",
            "module.vpc.aws_vpc.new_vpc"
          ]
        }
      ]
    },
    {
      "module": "module.vpc",
      "mode": "managed",
      "type": "aws_security_group_rule",
      "name": "worker_ingress_vxlan",
      "provider": "provider.aws",
      "instances": [
        {
          "schema_version": 2,
          "attributes": {
            "cidr_blocks": null,
            "description": null,
            "from_port": 4789,
            "id": "sgrule-1144064557",
            "ipv6_cidr_blocks": null,
            "prefix_list_ids": null,
            "protocol": "udp",
            "security_group_id": "sg-00d397c12af378c8f",
            "self": true,
            "source_security_group_id": null,
            "to_port": 4789,
            "type": "ingress"
          },
          "private": "eyJzY2hlbWFfdmVyc2lvbiI6IjIifQ==",
          "dependencies": [
            "module.vpc.aws_security_group.worker",
            "module.vpc.aws_vpc.new_vpc"
          ]
        }
      ]
    },
    {
      "module": "module.vpc",
      "mode": "managed",
      "type": "aws_security_group_rule",
      "name": "worker_ingress_vxlan_from_master",
      "provider": "provider.aws",
      "instances": [
        {
          "schema_version": 2,
          "attributes": {
            "cidr_blocks": null,
            "description": null,
            "from_port": 4789,
            "id": "sgrule-379494258",
            "ipv6_cidr_blocks": null,
            "prefix_list_ids": null,
            "protocol": "udp",
            "security_group_id": "sg-00d397c12af378c8f",
            "self": false,
            "source_security_group_id": "sg-07640434bc2e7af2b",
            "to_port": 4789,
            "type": "ingress"
          },
          "private": "eyJzY2hlbWFfdmVyc2lvbiI6IjIifQ==",
          "dependencies": [
            "module.vpc.aws_security_group.master",
            "module.vpc.aws_security_group.worker",
            "module.vpc.aws_vpc.new_vpc"
          ]
        }
      ]
    },
    {
      "module": "module.vpc",
      "mode": "managed",
      "type": "aws_subnet",
      "name": "private_subnet",
      "each": "list",
      "provider": "provider.aws",
      "instances": [
        {
          "index_key": 0,
          "schema_version": 1,
          "attributes": {
            "arn": "arn:aws:ec2:us-east-2:524466471676:subnet/subnet-0aa052a684e02e082",
            "assign_ipv6_address_on_creation": false,
            "availability_zone": "us-east-2a",
            "availability_zone_id": "use2-az1",
            "cidr_block": "10.0.128.0/19",
            "id": "subnet-0aa052a684e02e082",
            "ipv6_cidr_block": "",
            "ipv6_cidr_block_association_id": "",
            "map_public_ip_on_launch": false,
            "outpost_arn": "",
            "owner_id": "524466471676",
            "tags": {
              "Name": "support-openshift-rwtsm-private-us-east-2a",
              "kubernetes.io/cluster/support-openshift-rwtsm": "owned",
              "kubernetes.io/role/internal-elb": ""
            },
            "timeouts": null,
            "vpc_id": "vpc-08d44401cdbd30452"
          },
          "private": "eyJlMmJmYjczMC1lY2FhLTExZTYtOGY4OC0zNDM2M2JjN2M0YzAiOnsiY3JlYXRlIjo2MDAwMDAwMDAwMDAsImRlbGV0ZSI6MTIwMDAwMDAwMDAwMH0sInNjaGVtYV92ZXJzaW9uIjoiMSJ9",
          "dependencies": [
            "module.vpc.aws_vpc.new_vpc"
          ]
        },
        {
          "index_key": 1,
          "schema_version": 1,
          "attributes": {
            "arn": "arn:aws:ec2:us-east-2:524466471676:subnet/subnet-03626e281b28e0a4a",
            "assign_ipv6_address_on_creation": false,
            "availability_zone": "us-east-2b",
            "availability_zone_id": "use2-az2",
            "cidr_block": "10.0.160.0/19",
            "id": "subnet-03626e281b28e0a4a",
            "ipv6_cidr_block": "",
            "ipv6_cidr_block_association_id": "",
            "map_public_ip_on_launch": false,
            "outpost_arn": "",
            "owner_id": "524466471676",
            "tags": {
              "Name": "support-openshift-rwtsm-private-us-east-2b",
              "kubernetes.io/cluster/support-openshift-rwtsm": "owned",
              "kubernetes.io/role/internal-elb": ""
            },
            "timeouts": null,
            "vpc_id": "vpc-08d44401cdbd30452"
          },
          "private": "eyJlMmJmYjczMC1lY2FhLTExZTYtOGY4OC0zNDM2M2JjN2M0YzAiOnsiY3JlYXRlIjo2MDAwMDAwMDAwMDAsImRlbGV0ZSI6MTIwMDAwMDAwMDAwMH0sInNjaGVtYV92ZXJzaW9uIjoiMSJ9",
          "dependencies": [
            "module.vpc.aws_vpc.new_vpc"
          ]
        },
        {
          "index_key": 2,
          "schema_version": 1,
          "attributes": {
            "arn": "arn:aws:ec2:us-east-2:524466471676:subnet/subnet-06dc4b82c7083aebf",
            "assign_ipv6_address_on_creation": false,
            "availability_zone": "us-east-2c",
            "availability_zone_id": "use2-az3",
            "cidr_block": "10.0.192.0/19",
            "id": "subnet-06dc4b82c7083aebf",
            "ipv6_cidr_block": "",
            "ipv6_cidr_block_association_id": "",
            "map_public_ip_on_launch": false,
            "outpost_arn": "",
            "owner_id": "524466471676",
            "tags": {
              "Name": "support-openshift-rwtsm-private-us-east-2c",
              "kubernetes.io/cluster/support-openshift-rwtsm": "owned",
              "kubernetes.io/role/internal-elb": ""
            },
            "timeouts": null,
            "vpc_id": "vpc-08d44401cdbd30452"
          },
          "private": "eyJlMmJmYjczMC1lY2FhLTExZTYtOGY4OC0zNDM2M2JjN2M0YzAiOnsiY3JlYXRlIjo2MDAwMDAwMDAwMDAsImRlbGV0ZSI6MTIwMDAwMDAwMDAwMH0sInNjaGVtYV92ZXJzaW9uIjoiMSJ9",
          "dependencies": [
            "module.vpc.aws_vpc.new_vpc"
          ]
        }
      ]
    },
    {
      "module": "module.vpc",
      "mode": "managed",
      "type": "aws_subnet",
      "name": "public_subnet",
      "each": "list",
      "provider": "provider.aws",
      "instances": [
        {
          "index_key": 0,
          "schema_version": 1,
          "attributes": {
            "arn": "arn:aws:ec2:us-east-2:524466471676:subnet/subnet-0a6456309a706fd76",
            "assign_ipv6_address_on_creation": false,
            "availability_zone": "us-east-2a",
            "availability_zone_id": "use2-az1",
            "cidr_block": "10.0.0.0/19",
            "id": "subnet-0a6456309a706fd76",
            "ipv6_cidr_block": "",
            "ipv6_cidr_block_association_id": "",
            "map_public_ip_on_launch": false,
            "outpost_arn": "",
            "owner_id": "524466471676",
            "tags": {
              "Name": "support-openshift-rwtsm-public-us-east-2a",
              "kubernetes.io/cluster/support-openshift-rwtsm": "owned"
            },
            "timeouts": null,
            "vpc_id": "vpc-08d44401cdbd30452"
          },
          "private": "eyJlMmJmYjczMC1lY2FhLTExZTYtOGY4OC0zNDM2M2JjN2M0YzAiOnsiY3JlYXRlIjo2MDAwMDAwMDAwMDAsImRlbGV0ZSI6MTIwMDAwMDAwMDAwMH0sInNjaGVtYV92ZXJzaW9uIjoiMSJ9",
          "dependencies": [
            "module.vpc.aws_vpc.new_vpc"
          ]
        },
        {
          "index_key": 1,
          "schema_version": 1,
          "attributes": {
            "arn": "arn:aws:ec2:us-east-2:524466471676:subnet/subnet-09ec65626949ff785",
            "assign_ipv6_address_on_creation": false,
            "availability_zone": "us-east-2b",
            "availability_zone_id": "use2-az2",
            "cidr_block": "10.0.32.0/19",
            "id": "subnet-09ec65626949ff785",
            "ipv6_cidr_block": "",
            "ipv6_cidr_block_association_id": "",
            "map_public_ip_on_launch": false,
            "outpost_arn": "",
            "owner_id": "524466471676",
            "tags": {
              "Name": "support-openshift-rwtsm-public-us-east-2b",
              "kubernetes.io/cluster/support-openshift-rwtsm": "owned"
            },
            "timeouts": null,
            "vpc_id": "vpc-08d44401cdbd30452"
          },
          "private": "eyJlMmJmYjczMC1lY2FhLTExZTYtOGY4OC0zNDM2M2JjN2M0YzAiOnsiY3JlYXRlIjo2MDAwMDAwMDAwMDAsImRlbGV0ZSI6MTIwMDAwMDAwMDAwMH0sInNjaGVtYV92ZXJzaW9uIjoiMSJ9",
          "dependencies": [
            "module.vpc.aws_vpc.new_vpc"
          ]
        },
        {
          "index_key": 2,
          "schema_version": 1,
          "attributes": {
            "arn": "arn:aws:ec2:us-east-2:524466471676:subnet/subnet-0fecbec37daabbd0a",
            "assign_ipv6_address_on_creation": false,
            "availability_zone": "us-east-2c",
            "availability_zone_id": "use2-az3",
            "cidr_block": "10.0.64.0/19",
            "id": "subnet-0fecbec37daabbd0a",
            "ipv6_cidr_block": "",
            "ipv6_cidr_block_association_id": "",
            "map_public_ip_on_launch": false,
            "outpost_arn": "",
            "owner_id": "524466471676",
            "tags": {
              "Name": "support-openshift-rwtsm-public-us-east-2c",
              "kubernetes.io/cluster/support-openshift-rwtsm": "owned"
            },
            "timeouts": null,
            "vpc_id": "vpc-08d44401cdbd30452"
          },
          "private": "eyJlMmJmYjczMC1lY2FhLTExZTYtOGY4OC0zNDM2M2JjN2M0YzAiOnsiY3JlYXRlIjo2MDAwMDAwMDAwMDAsImRlbGV0ZSI6MTIwMDAwMDAwMDAwMH0sInNjaGVtYV92ZXJzaW9uIjoiMSJ9",
          "dependencies": [
            "module.vpc.aws_vpc.new_vpc"
          ]
        }
      ]
    },
    {
      "module": "module.vpc",
      "mode": "managed",
      "type": "aws_vpc",
      "name": "new_vpc",
      "each": "list",
      "provider": "provider.aws",
      "instances": [
        {
          "index_key": 0,
          "schema_version": 1,
          "attributes": {
            "arn": "arn:aws:ec2:us-east-2:524466471676:vpc/vpc-08d44401cdbd30452",
            "assign_generated_ipv6_cidr_block": false,
            "cidr_block": "10.0.0.0/16",
            "default_network_acl_id": "acl-0323a89aa700addc7",
            "default_route_table_id": "rtb-09a30cd66e4839373",
            "default_security_group_id": "sg-0f03165af6f388e3a",
            "dhcp_options_id": "dopt-00ead11a61f3d067f",
            "enable_classiclink": null,
            "enable_classiclink_dns_support": null,
            "enable_dns_hostnames": true,
            "enable_dns_support": true,
            "id": "vpc-08d44401cdbd30452",
            "instance_tenancy": "default",
            "ipv6_association_id": "",
            "ipv6_cidr_block": "",
            "main_route_table_id": "rtb-09a30cd66e4839373",
            "owner_id": "524466471676",
            "tags": {
              "Name": "support-openshift-rwtsm-vpc",
              "kubernetes.io/cluster/support-openshift-rwtsm": "owned"
            }
          },
          "private": "eyJzY2hlbWFfdmVyc2lvbiI6IjEifQ=="
        }
      ]
    },
    {
      "module": "module.vpc",
      "mode": "managed",
      "type": "aws_vpc_dhcp_options",
      "name": "main",
      "each": "list",
      "provider": "provider.aws",
      "instances": [
        {
          "index_key": 0,
          "schema_version": 0,
          "attributes": {
            "arn": "arn:aws:ec2:us-east-2:524466471676:dhcp-options/dopt-00ead11a61f3d067f",
            "domain_name": "us-east-2.compute.internal",
            "domain_name_servers": [
              "AmazonProvidedDNS"
            ],
            "id": "dopt-00ead11a61f3d067f",
            "netbios_name_servers": null,
            "netbios_node_type": null,
            "ntp_servers": null,
            "owner_id": "524466471676",
            "tags": {
              "kubernetes.io/cluster/support-openshift-rwtsm": "owned"
            }
          },
          "private": "bnVsbA=="
        }
      ]
    },
    {
      "module": "module.vpc",
      "mode": "managed",
      "type": "aws_vpc_dhcp_options_association",
      "name": "main",
      "each": "list",
      "provider": "provider.aws",
      "instances": [
        {
          "index_key": 0,
          "schema_version": 0,
          "attributes": {
            "dhcp_options_id": "dopt-00ead11a61f3d067f",
            "id": "dopt-00ead11a61f3d067f-vpc-08d44401cdbd30452",
            "vpc_id": "vpc-08d44401cdbd30452"
          },
          "private": "bnVsbA==",
          "dependencies": [
            "module.vpc.aws_vpc.new_vpc",
            "module.vpc.aws_vpc_dhcp_options.main"
          ]
        }
      ]
    },
    {
      "module": "module.vpc",
      "mode": "managed",
      "type": "aws_vpc_endpoint",
      "name": "s3",
      "each": "list",
      "provider": "provider.aws",
      "instances": [
        {
          "index_key": 0,
          "schema_version": 0,
          "attributes": {
            "auto_accept": null,
            "cidr_blocks": [
              "52.219.80.0/20",
              "3.5.128.0/22",
              "3.5.132.0/23",
              "52.219.96.0/20"
            ],
            "dns_entry": [],
            "id": "vpce-0be47df14db4d084e",
            "network_interface_ids": [],
            "owner_id": "524466471676",
            "policy": "{\"Statement\":[{\"Action\":\"*\",\"Effect\":\"Allow\",\"Principal\":\"*\",\"Resource\":\"*\"}],\"Version\":\"2008-10-17\"}",
            "prefix_list_id": "pl-7ba54012",
            "private_dns_enabled": false,
            "requester_managed": false,
            "route_table_ids": [
              "rtb-07c391e9a1b047c40",
              "rtb-089e2cc26225e0d6d",
              "rtb-09a30cd66e4839373",
              "rtb-0ee0caca28f40ddab"
            ],
            "security_group_ids": [],
            "service_name": "com.amazonaws.us-east-2.s3",
            "state": "available",
            "subnet_ids": [],
            "tags": {
              "kubernetes.io/cluster/support-openshift-rwtsm": "owned"
            },
            "timeouts": null,
            "vpc_endpoint_type": "Gateway",
            "vpc_id": "vpc-08d44401cdbd30452"
          },
          "private": "eyJlMmJmYjczMC1lY2FhLTExZTYtOGY4OC0zNDM2M2JjN2M0YzAiOnsiY3JlYXRlIjo2MDAwMDAwMDAwMDAsImRlbGV0ZSI6NjAwMDAwMDAwMDAwLCJ1cGRhdGUiOjYwMDAwMDAwMDAwMH19",
          "dependencies": [
            "module.vpc.aws_route_table.default",
            "module.vpc.aws_route_table.private_routes",
            "module.vpc.aws_vpc.new_vpc"
          ]
        }
      ]
    }
  ]
}
